// !$*UTF8*$!
{
	archiveVersion = 1;
	classes = {
	};
	objectVersion = 51;
	objects = {

/* Begin PBXBuildFile section */
		38F9086F4E3A13DEF029AC88 /* Pods_PicturesApp.framework in Frameworks */ = {isa = PBXBuildFile; fileRef = 4EA790C824F8ACAA5A075942 /* Pods_PicturesApp.framework */; };
		B96CA0A325B0482F002D262A /* HomeViewController.xib in Resources */ = {isa = PBXBuildFile; fileRef = B96CA0A225B0482F002D262A /* HomeViewController.xib */; };
		B96CA0A825B04C4B002D262A /* PhotoCollectionViewCell.swift in Sources */ = {isa = PBXBuildFile; fileRef = B96CA0A625B04C4B002D262A /* PhotoCollectionViewCell.swift */; };
		B96CA0A925B04C4B002D262A /* PhotoCollectionViewCell.xib in Resources */ = {isa = PBXBuildFile; fileRef = B96CA0A725B04C4B002D262A /* PhotoCollectionViewCell.xib */; };
		B96CA0AD25B04C70002D262A /* Reusable.swift in Sources */ = {isa = PBXBuildFile; fileRef = B96CA0AC25B04C70002D262A /* Reusable.swift */; };
		B96CA0B025B04EFB002D262A /* Models.swift in Sources */ = {isa = PBXBuildFile; fileRef = B96CA0AF25B04EFB002D262A /* Models.swift */; };
		B96CA0B525B0826A002D262A /* Services.swift in Sources */ = {isa = PBXBuildFile; fileRef = B96CA0B425B0826A002D262A /* Services.swift */; };
		B96CA0B825B084DC002D262A /* PicturesApi.swift in Sources */ = {isa = PBXBuildFile; fileRef = B96CA0B725B084DC002D262A /* PicturesApi.swift */; };
		B96CA0C125B0860B002D262A /* ApiServices.swift in Sources */ = {isa = PBXBuildFile; fileRef = B96CA0C025B0860B002D262A /* ApiServices.swift */; };
		B96CA0C525B09985002D262A /* AppCoordinator.swift in Sources */ = {isa = PBXBuildFile; fileRef = B96CA0C425B09985002D262A /* AppCoordinator.swift */; };
		B96CA0C825B09996002D262A /* Coordinator.swift in Sources */ = {isa = PBXBuildFile; fileRef = B96CA0C725B09996002D262A /* Coordinator.swift */; };
		B96CA0CB25B09AFF002D262A /* HomeCoordinator.swift in Sources */ = {isa = PBXBuildFile; fileRef = B96CA0CA25B09AFF002D262A /* HomeCoordinator.swift */; };
		B9C63BE425B1F4E700C6F768 /* UIView+Pin.swift in Sources */ = {isa = PBXBuildFile; fileRef = B9C63BE325B1F4E700C6F768 /* UIView+Pin.swift */; };
		B9C63BEB25B4B2B600C6F768 /* TopicsViewController.swift in Sources */ = {isa = PBXBuildFile; fileRef = B9C63BE925B4B2B600C6F768 /* TopicsViewController.swift */; };
		B9C63BEC25B4B2B600C6F768 /* TopicsViewController.xib in Resources */ = {isa = PBXBuildFile; fileRef = B9C63BEA25B4B2B600C6F768 /* TopicsViewController.xib */; };
		B9C63BEF25B4B32500C6F768 /* TopicsCoordinator.swift in Sources */ = {isa = PBXBuildFile; fileRef = B9C63BEE25B4B32500C6F768 /* TopicsCoordinator.swift */; };
		B9C63BF325B4B35900C6F768 /* SearchViewController.swift in Sources */ = {isa = PBXBuildFile; fileRef = B9C63BF125B4B35900C6F768 /* SearchViewController.swift */; };
		B9C63BF425B4B35900C6F768 /* SearchViewController.xib in Resources */ = {isa = PBXBuildFile; fileRef = B9C63BF225B4B35900C6F768 /* SearchViewController.xib */; };
		B9C63BF725B4B37400C6F768 /* SearchCoordinator.swift in Sources */ = {isa = PBXBuildFile; fileRef = B9C63BF625B4B37400C6F768 /* SearchCoordinator.swift */; };
		B9C63BFC25B5841200C6F768 /* TopicsCollectionViewCell.swift in Sources */ = {isa = PBXBuildFile; fileRef = B9C63BFA25B5841200C6F768 /* TopicsCollectionViewCell.swift */; };
		B9C63BFD25B5841200C6F768 /* TopicsCollectionViewCell.xib in Resources */ = {isa = PBXBuildFile; fileRef = B9C63BFB25B5841200C6F768 /* TopicsCollectionViewCell.xib */; };
		B9C63C0125B59C3E00C6F768 /* HeaderView.swift in Sources */ = {isa = PBXBuildFile; fileRef = B9C63C0025B59C3E00C6F768 /* HeaderView.swift */; };
		B9C63C0425B5E0A900C6F768 /* UINavigationBar.swift in Sources */ = {isa = PBXBuildFile; fileRef = B9C63C0325B5E0A900C6F768 /* UINavigationBar.swift */; };
		B9C63C0725B5EA1B00C6F768 /* UIColor.swift in Sources */ = {isa = PBXBuildFile; fileRef = B9C63C0625B5EA1B00C6F768 /* UIColor.swift */; };
		B9E457D925B6D1700008EC52 /* CustomNavigationController.swift in Sources */ = {isa = PBXBuildFile; fileRef = B9E457D825B6D1700008EC52 /* CustomNavigationController.swift */; };
		B9E457DE25B6D37F0008EC52 /* LoadingView.swift in Sources */ = {isa = PBXBuildFile; fileRef = B9E457DD25B6D37F0008EC52 /* LoadingView.swift */; };
		B9E68FD625B041C50028EAE5 /* AppDelegate.swift in Sources */ = {isa = PBXBuildFile; fileRef = B9E68FD525B041C50028EAE5 /* AppDelegate.swift */; };
		B9E68FD825B041C50028EAE5 /* SceneDelegate.swift in Sources */ = {isa = PBXBuildFile; fileRef = B9E68FD725B041C50028EAE5 /* SceneDelegate.swift */; };
		B9E68FDA25B041C50028EAE5 /* HomeViewController.swift in Sources */ = {isa = PBXBuildFile; fileRef = B9E68FD925B041C50028EAE5 /* HomeViewController.swift */; };
		B9E68FDF25B041CA0028EAE5 /* Assets.xcassets in Resources */ = {isa = PBXBuildFile; fileRef = B9E68FDE25B041CA0028EAE5 /* Assets.xcassets */; };
		B9E68FE225B041CA0028EAE5 /* LaunchScreen.storyboard in Resources */ = {isa = PBXBuildFile; fileRef = B9E68FE025B041CA0028EAE5 /* LaunchScreen.storyboard */; };
/* End PBXBuildFile section */

/* Begin PBXFileReference section */
		2EAB281391B53CCD03ED6E45 /* Pods-PicturesApp.debug.xcconfig */ = {isa = PBXFileReference; includeInIndex = 1; lastKnownFileType = text.xcconfig; name = "Pods-PicturesApp.debug.xcconfig"; path = "Target Support Files/Pods-PicturesApp/Pods-PicturesApp.debug.xcconfig"; sourceTree = "<group>"; };
		4EA790C824F8ACAA5A075942 /* Pods_PicturesApp.framework */ = {isa = PBXFileReference; explicitFileType = wrapper.framework; includeInIndex = 0; path = Pods_PicturesApp.framework; sourceTree = BUILT_PRODUCTS_DIR; };
		9BBAFDAC323917F1B16E2B4E /* Pods-PicturesApp.release.xcconfig */ = {isa = PBXFileReference; includeInIndex = 1; lastKnownFileType = text.xcconfig; name = "Pods-PicturesApp.release.xcconfig"; path = "Target Support Files/Pods-PicturesApp/Pods-PicturesApp.release.xcconfig"; sourceTree = "<group>"; };
		B96CA0A225B0482F002D262A /* HomeViewController.xib */ = {isa = PBXFileReference; lastKnownFileType = file.xib; path = HomeViewController.xib; sourceTree = "<group>"; };
		B96CA0A625B04C4B002D262A /* PhotoCollectionViewCell.swift */ = {isa = PBXFileReference; lastKnownFileType = sourcecode.swift; path = PhotoCollectionViewCell.swift; sourceTree = "<group>"; };
		B96CA0A725B04C4B002D262A /* PhotoCollectionViewCell.xib */ = {isa = PBXFileReference; lastKnownFileType = file.xib; path = PhotoCollectionViewCell.xib; sourceTree = "<group>"; };
		B96CA0AC25B04C70002D262A /* Reusable.swift */ = {isa = PBXFileReference; lastKnownFileType = sourcecode.swift; path = Reusable.swift; sourceTree = "<group>"; };
		B96CA0AF25B04EFB002D262A /* Models.swift */ = {isa = PBXFileReference; lastKnownFileType = sourcecode.swift; path = Models.swift; sourceTree = "<group>"; };
		B96CA0B425B0826A002D262A /* Services.swift */ = {isa = PBXFileReference; lastKnownFileType = sourcecode.swift; path = Services.swift; sourceTree = "<group>"; };
		B96CA0B725B084DC002D262A /* PicturesApi.swift */ = {isa = PBXFileReference; lastKnownFileType = sourcecode.swift; path = PicturesApi.swift; sourceTree = "<group>"; };
		B96CA0C025B0860B002D262A /* ApiServices.swift */ = {isa = PBXFileReference; lastKnownFileType = sourcecode.swift; path = ApiServices.swift; sourceTree = "<group>"; };
		B96CA0C425B09985002D262A /* AppCoordinator.swift */ = {isa = PBXFileReference; lastKnownFileType = sourcecode.swift; path = AppCoordinator.swift; sourceTree = "<group>"; };
		B96CA0C725B09996002D262A /* Coordinator.swift */ = {isa = PBXFileReference; lastKnownFileType = sourcecode.swift; path = Coordinator.swift; sourceTree = "<group>"; };
		B96CA0CA25B09AFF002D262A /* HomeCoordinator.swift */ = {isa = PBXFileReference; lastKnownFileType = sourcecode.swift; path = HomeCoordinator.swift; sourceTree = "<group>"; };
		B9C63BE325B1F4E700C6F768 /* UIView+Pin.swift */ = {isa = PBXFileReference; lastKnownFileType = sourcecode.swift; path = "UIView+Pin.swift"; sourceTree = "<group>"; };
		B9C63BE925B4B2B600C6F768 /* TopicsViewController.swift */ = {isa = PBXFileReference; lastKnownFileType = sourcecode.swift; path = TopicsViewController.swift; sourceTree = "<group>"; };
		B9C63BEA25B4B2B600C6F768 /* TopicsViewController.xib */ = {isa = PBXFileReference; lastKnownFileType = file.xib; path = TopicsViewController.xib; sourceTree = "<group>"; };
		B9C63BEE25B4B32500C6F768 /* TopicsCoordinator.swift */ = {isa = PBXFileReference; lastKnownFileType = sourcecode.swift; path = TopicsCoordinator.swift; sourceTree = "<group>"; };
		B9C63BF125B4B35900C6F768 /* SearchViewController.swift */ = {isa = PBXFileReference; lastKnownFileType = sourcecode.swift; path = SearchViewController.swift; sourceTree = "<group>"; };
		B9C63BF225B4B35900C6F768 /* SearchViewController.xib */ = {isa = PBXFileReference; lastKnownFileType = file.xib; path = SearchViewController.xib; sourceTree = "<group>"; };
		B9C63BF625B4B37400C6F768 /* SearchCoordinator.swift */ = {isa = PBXFileReference; lastKnownFileType = sourcecode.swift; path = SearchCoordinator.swift; sourceTree = "<group>"; };
		B9C63BFA25B5841200C6F768 /* TopicsCollectionViewCell.swift */ = {isa = PBXFileReference; lastKnownFileType = sourcecode.swift; path = TopicsCollectionViewCell.swift; sourceTree = "<group>"; };
		B9C63BFB25B5841200C6F768 /* TopicsCollectionViewCell.xib */ = {isa = PBXFileReference; lastKnownFileType = file.xib; path = TopicsCollectionViewCell.xib; sourceTree = "<group>"; };
		B9C63C0025B59C3E00C6F768 /* HeaderView.swift */ = {isa = PBXFileReference; lastKnownFileType = sourcecode.swift; path = HeaderView.swift; sourceTree = "<group>"; };
		B9C63C0325B5E0A900C6F768 /* UINavigationBar.swift */ = {isa = PBXFileReference; lastKnownFileType = sourcecode.swift; path = UINavigationBar.swift; sourceTree = "<group>"; };
		B9C63C0625B5EA1B00C6F768 /* UIColor.swift */ = {isa = PBXFileReference; lastKnownFileType = sourcecode.swift; path = UIColor.swift; sourceTree = "<group>"; };
		B9E457D825B6D1700008EC52 /* CustomNavigationController.swift */ = {isa = PBXFileReference; lastKnownFileType = sourcecode.swift; path = CustomNavigationController.swift; sourceTree = "<group>"; };
		B9E457DD25B6D37F0008EC52 /* LoadingView.swift */ = {isa = PBXFileReference; lastKnownFileType = sourcecode.swift; path = LoadingView.swift; sourceTree = "<group>"; };
		B9E68FD225B041C50028EAE5 /* PicturesApp.app */ = {isa = PBXFileReference; explicitFileType = wrapper.application; includeInIndex = 0; path = PicturesApp.app; sourceTree = BUILT_PRODUCTS_DIR; };
		B9E68FD525B041C50028EAE5 /* AppDelegate.swift */ = {isa = PBXFileReference; lastKnownFileType = sourcecode.swift; path = AppDelegate.swift; sourceTree = "<group>"; };
		B9E68FD725B041C50028EAE5 /* SceneDelegate.swift */ = {isa = PBXFileReference; lastKnownFileType = sourcecode.swift; path = SceneDelegate.swift; sourceTree = "<group>"; };
		B9E68FD925B041C50028EAE5 /* HomeViewController.swift */ = {isa = PBXFileReference; lastKnownFileType = sourcecode.swift; path = HomeViewController.swift; sourceTree = "<group>"; };
		B9E68FDE25B041CA0028EAE5 /* Assets.xcassets */ = {isa = PBXFileReference; lastKnownFileType = folder.assetcatalog; path = Assets.xcassets; sourceTree = "<group>"; };
		B9E68FE125B041CA0028EAE5 /* Base */ = {isa = PBXFileReference; lastKnownFileType = file.storyboard; name = Base; path = Base.lproj/LaunchScreen.storyboard; sourceTree = "<group>"; };
		B9E68FE325B041CA0028EAE5 /* Info.plist */ = {isa = PBXFileReference; lastKnownFileType = text.plist.xml; path = Info.plist; sourceTree = "<group>"; };
/* End PBXFileReference section */

/* Begin PBXFrameworksBuildPhase section */
		B9E68FCF25B041C50028EAE5 /* Frameworks */ = {
			isa = PBXFrameworksBuildPhase;
			buildActionMask = 2147483647;
			files = (
				38F9086F4E3A13DEF029AC88 /* Pods_PicturesApp.framework in Frameworks */,
			);
			runOnlyForDeploymentPostprocessing = 0;
		};
/* End PBXFrameworksBuildPhase section */

/* Begin PBXGroup section */
		1F709235F884ED1E591D0F2F /* Frameworks */ = {
			isa = PBXGroup;
			children = (
				4EA790C824F8ACAA5A075942 /* Pods_PicturesApp.framework */,
			);
			name = Frameworks;
			sourceTree = "<group>";
		};
		5F76996A76366F4F68695CC4 /* Pods */ = {
			isa = PBXGroup;
			children = (
				2EAB281391B53CCD03ED6E45 /* Pods-PicturesApp.debug.xcconfig */,
				9BBAFDAC323917F1B16E2B4E /* Pods-PicturesApp.release.xcconfig */,
			);
			path = Pods;
			sourceTree = "<group>";
		};
		B96CA09F25B04709002D262A /* Home */ = {
			isa = PBXGroup;
			children = (
				B9E68FD925B041C50028EAE5 /* HomeViewController.swift */,
				B96CA0A225B0482F002D262A /* HomeViewController.xib */,
				B96CA0CA25B09AFF002D262A /* HomeCoordinator.swift */,
				B96CA0A525B04C2C002D262A /* PhotoCell */,
			);
			path = Home;
			sourceTree = "<group>";
		};
		B96CA0A525B04C2C002D262A /* PhotoCell */ = {
			isa = PBXGroup;
			children = (
				B96CA0A625B04C4B002D262A /* PhotoCollectionViewCell.swift */,
				B96CA0A725B04C4B002D262A /* PhotoCollectionViewCell.xib */,
			);
			path = PhotoCell;
			sourceTree = "<group>";
		};
		B96CA0AB25B04C5A002D262A /* Protocols */ = {
			isa = PBXGroup;
			children = (
				B96CA0AC25B04C70002D262A /* Reusable.swift */,
				B96CA0B425B0826A002D262A /* Services.swift */,
				B96CA0C725B09996002D262A /* Coordinator.swift */,
			);
			path = Protocols;
			sourceTree = "<group>";
		};
		B96CA0B225B04F0F002D262A /* Models */ = {
			isa = PBXGroup;
			children = (
				B96CA0AF25B04EFB002D262A /* Models.swift */,
			);
			path = Models;
			sourceTree = "<group>";
		};
		B96CA0B325B08241002D262A /* Services */ = {
			isa = PBXGroup;
			children = (
				B96CA0B725B084DC002D262A /* PicturesApi.swift */,
				B96CA0C025B0860B002D262A /* ApiServices.swift */,
			);
			path = Services;
			sourceTree = "<group>";
		};
		B96CA0C325B0996C002D262A /* Coordinators */ = {
			isa = PBXGroup;
			children = (
				B96CA0C425B09985002D262A /* AppCoordinator.swift */,
			);
			path = Coordinators;
			sourceTree = "<group>";
		};
		B9C63BE225B1F4CE00C6F768 /* Extensions */ = {
			isa = PBXGroup;
			children = (
				B9C63BE325B1F4E700C6F768 /* UIView+Pin.swift */,
				B9C63C0325B5E0A900C6F768 /* UINavigationBar.swift */,
				B9C63C0625B5EA1B00C6F768 /* UIColor.swift */,
			);
			path = Extensions;
			sourceTree = "<group>";
		};
		B9C63BE725B4B27900C6F768 /* Topics */ = {
			isa = PBXGroup;
			children = (
				B9C63BF925B583FD00C6F768 /* Cell */,
				B9C63BE925B4B2B600C6F768 /* TopicsViewController.swift */,
				B9C63BEA25B4B2B600C6F768 /* TopicsViewController.xib */,
				B9C63BEE25B4B32500C6F768 /* TopicsCoordinator.swift */,
				B9C63C0025B59C3E00C6F768 /* HeaderView.swift */,
			);
			path = Topics;
			sourceTree = "<group>";
		};
		B9C63BE825B4B29200C6F768 /* Search */ = {
			isa = PBXGroup;
			children = (
				B9C63BF125B4B35900C6F768 /* SearchViewController.swift */,
				B9C63BF225B4B35900C6F768 /* SearchViewController.xib */,
				B9C63BF625B4B37400C6F768 /* SearchCoordinator.swift */,
			);
			path = Search;
			sourceTree = "<group>";
		};
		B9C63BF925B583FD00C6F768 /* Cell */ = {
			isa = PBXGroup;
			children = (
				B9C63BFA25B5841200C6F768 /* TopicsCollectionViewCell.swift */,
				B9C63BFB25B5841200C6F768 /* TopicsCollectionViewCell.xib */,
			);
			path = Cell;
			sourceTree = "<group>";
		};
		B9E457D725B6D15B0008EC52 /* NavigationController */ = {
			isa = PBXGroup;
			children = (
				B9E457D825B6D1700008EC52 /* CustomNavigationController.swift */,
			);
			path = NavigationController;
			sourceTree = "<group>";
		};
		B9E457DC25B6D3540008EC52 /* Views */ = {
			isa = PBXGroup;
			children = (
				B9E457DD25B6D37F0008EC52 /* LoadingView.swift */,
			);
			path = Views;
			sourceTree = "<group>";
		};
		B9E68FC925B041C40028EAE5 = {
			isa = PBXGroup;
			children = (
				B9E68FD425B041C50028EAE5 /* PicturesApp */,
				B9E68FD325B041C50028EAE5 /* Products */,
				5F76996A76366F4F68695CC4 /* Pods */,
				1F709235F884ED1E591D0F2F /* Frameworks */,
			);
			sourceTree = "<group>";
		};
		B9E68FD325B041C50028EAE5 /* Products */ = {
			isa = PBXGroup;
			children = (
				B9E68FD225B041C50028EAE5 /* PicturesApp.app */,
			);
			name = Products;
			sourceTree = "<group>";
		};
		B9E68FD425B041C50028EAE5 /* PicturesApp */ = {
			isa = PBXGroup;
			children = (
				B9E68FEB25B041E30028EAE5 /* Application */,
				B96CA0C325B0996C002D262A /* Coordinators */,
				B9C63BE225B1F4CE00C6F768 /* Extensions */,
				B96CA0B225B04F0F002D262A /* Models */,
				B96CA0AB25B04C5A002D262A /* Protocols */,
				B9E68FEA25B041D90028EAE5 /* Resources */,
				B9E68FEC25B041EA0028EAE5 /* Scene */,
				B96CA0B325B08241002D262A /* Services */,
				B9E68FED25B041FE0028EAE5 /* Storyboard */,
				B9E457DC25B6D3540008EC52 /* Views */,
			);
			path = PicturesApp;
			sourceTree = "<group>";
		};
		B9E68FEA25B041D90028EAE5 /* Resources */ = {
			isa = PBXGroup;
			children = (
				B9E68FDE25B041CA0028EAE5 /* Assets.xcassets */,
			);
			path = Resources;
			sourceTree = "<group>";
		};
		B9E68FEB25B041E30028EAE5 /* Application */ = {
			isa = PBXGroup;
			children = (
				B9E68FE325B041CA0028EAE5 /* Info.plist */,
				B9E68FD525B041C50028EAE5 /* AppDelegate.swift */,
				B9E68FD725B041C50028EAE5 /* SceneDelegate.swift */,
			);
			path = Application;
			sourceTree = "<group>";
		};
		B9E68FEC25B041EA0028EAE5 /* Scene */ = {
			isa = PBXGroup;
			children = (
				B9E457D725B6D15B0008EC52 /* NavigationController */,
				B9C63BE825B4B29200C6F768 /* Search */,
				B9C63BE725B4B27900C6F768 /* Topics */,
				B96CA09F25B04709002D262A /* Home */,
			);
			path = Scene;
			sourceTree = "<group>";
		};
		B9E68FED25B041FE0028EAE5 /* Storyboard */ = {
			isa = PBXGroup;
			children = (
				B9E68FE025B041CA0028EAE5 /* LaunchScreen.storyboard */,
			);
			path = Storyboard;
			sourceTree = "<group>";
		};
/* End PBXGroup section */

/* Begin PBXNativeTarget section */
		B9E68FD125B041C50028EAE5 /* PicturesApp */ = {
			isa = PBXNativeTarget;
			buildConfigurationList = B9E68FE625B041CA0028EAE5 /* Build configuration list for PBXNativeTarget "PicturesApp" */;
			buildPhases = (
				8E41FBDB41D28421D0B94F2D /* [CP] Check Pods Manifest.lock */,
				B96CA09D25B044FF002D262A /* SwiftLint */,
				B9E68FCE25B041C50028EAE5 /* Sources */,
				B9E68FCF25B041C50028EAE5 /* Frameworks */,
				B9E68FD025B041C50028EAE5 /* Resources */,
				A182E01164D781989FCD4EC6 /* [CP] Embed Pods Frameworks */,
			);
			buildRules = (
			);
			dependencies = (
			);
			name = PicturesApp;
			productName = PicturesApp;
			productReference = B9E68FD225B041C50028EAE5 /* PicturesApp.app */;
			productType = "com.apple.product-type.application";
		};
/* End PBXNativeTarget section */

/* Begin PBXProject section */
		B9E68FCA25B041C40028EAE5 /* Project object */ = {
			isa = PBXProject;
			attributes = {
				LastSwiftUpdateCheck = 1210;
				LastUpgradeCheck = 1210;
				TargetAttributes = {
					B9E68FD125B041C50028EAE5 = {
						CreatedOnToolsVersion = 12.1;
					};
				};
			};
			buildConfigurationList = B9E68FCD25B041C50028EAE5 /* Build configuration list for PBXProject "PicturesApp" */;
			compatibilityVersion = "Xcode 9.3";
			developmentRegion = en;
			hasScannedForEncodings = 0;
			knownRegions = (
				en,
				Base,
			);
			mainGroup = B9E68FC925B041C40028EAE5;
			productRefGroup = B9E68FD325B041C50028EAE5 /* Products */;
			projectDirPath = "";
			projectRoot = "";
			targets = (
				B9E68FD125B041C50028EAE5 /* PicturesApp */,
			);
		};
/* End PBXProject section */

/* Begin PBXResourcesBuildPhase section */
		B9E68FD025B041C50028EAE5 /* Resources */ = {
			isa = PBXResourcesBuildPhase;
			buildActionMask = 2147483647;
			files = (
				B9C63BFD25B5841200C6F768 /* TopicsCollectionViewCell.xib in Resources */,
				B9E68FE225B041CA0028EAE5 /* LaunchScreen.storyboard in Resources */,
				B96CA0A925B04C4B002D262A /* PhotoCollectionViewCell.xib in Resources */,
				B9C63BF425B4B35900C6F768 /* SearchViewController.xib in Resources */,
				B9E68FDF25B041CA0028EAE5 /* Assets.xcassets in Resources */,
				B9C63BEC25B4B2B600C6F768 /* TopicsViewController.xib in Resources */,
				B96CA0A325B0482F002D262A /* HomeViewController.xib in Resources */,
			);
			runOnlyForDeploymentPostprocessing = 0;
		};
/* End PBXResourcesBuildPhase section */

/* Begin PBXShellScriptBuildPhase section */
		8E41FBDB41D28421D0B94F2D /* [CP] Check Pods Manifest.lock */ = {
			isa = PBXShellScriptBuildPhase;
			buildActionMask = 2147483647;
			files = (
			);
			inputFileListPaths = (
			);
			inputPaths = (
				"${PODS_PODFILE_DIR_PATH}/Podfile.lock",
				"${PODS_ROOT}/Manifest.lock",
			);
			name = "[CP] Check Pods Manifest.lock";
			outputFileListPaths = (
			);
			outputPaths = (
				"$(DERIVED_FILE_DIR)/Pods-PicturesApp-checkManifestLockResult.txt",
			);
			runOnlyForDeploymentPostprocessing = 0;
			shellPath = /bin/sh;
			shellScript = "diff \"${PODS_PODFILE_DIR_PATH}/Podfile.lock\" \"${PODS_ROOT}/Manifest.lock\" > /dev/null\nif [ $? != 0 ] ; then\n    # print error to STDERR\n    echo \"error: The sandbox is not in sync with the Podfile.lock. Run 'pod install' or update your CocoaPods installation.\" >&2\n    exit 1\nfi\n# This output is used by Xcode 'outputs' to avoid re-running this script phase.\necho \"SUCCESS\" > \"${SCRIPT_OUTPUT_FILE_0}\"\n";
			showEnvVarsInLog = 0;
		};
		A182E01164D781989FCD4EC6 /* [CP] Embed Pods Frameworks */ = {
			isa = PBXShellScriptBuildPhase;
			buildActionMask = 2147483647;
			files = (
			);
			inputFileListPaths = (
				"${PODS_ROOT}/Target Support Files/Pods-PicturesApp/Pods-PicturesApp-frameworks-${CONFIGURATION}-input-files.xcfilelist",
			);
			name = "[CP] Embed Pods Frameworks";
			outputFileListPaths = (
				"${PODS_ROOT}/Target Support Files/Pods-PicturesApp/Pods-PicturesApp-frameworks-${CONFIGURATION}-output-files.xcfilelist",
			);
			runOnlyForDeploymentPostprocessing = 0;
			shellPath = /bin/sh;
			shellScript = "\"${PODS_ROOT}/Target Support Files/Pods-PicturesApp/Pods-PicturesApp-frameworks.sh\"\n";
			showEnvVarsInLog = 0;
		};
		B96CA09D25B044FF002D262A /* SwiftLint */ = {
			isa = PBXShellScriptBuildPhase;
			buildActionMask = 2147483647;
			files = (
			);
			inputFileListPaths = (
			);
			inputPaths = (
			);
			name = SwiftLint;
			outputFileListPaths = (
			);
			outputPaths = (
			);
			runOnlyForDeploymentPostprocessing = 0;
			shellPath = /bin/sh;
			shellScript = "if which swiftlint >/dev/null; then\n  swiftlint\nelse\n  echo \"warning: SwiftLint not installed, download from https://github.com/realm/SwiftLint\"\nfi\n# Type a script or drag a script file from your workspace to insert its path.\n";
		};
/* End PBXShellScriptBuildPhase section */

/* Begin PBXSourcesBuildPhase section */
		B9E68FCE25B041C50028EAE5 /* Sources */ = {
			isa = PBXSourcesBuildPhase;
			buildActionMask = 2147483647;
			files = (
				B9E457D925B6D1700008EC52 /* CustomNavigationController.swift in Sources */,
				B9C63BEB25B4B2B600C6F768 /* TopicsViewController.swift in Sources */,
				B9C63C0725B5EA1B00C6F768 /* UIColor.swift in Sources */,
				B9E68FDA25B041C50028EAE5 /* HomeViewController.swift in Sources */,
				B96CA0A825B04C4B002D262A /* PhotoCollectionViewCell.swift in Sources */,
				B96CA0C525B09985002D262A /* AppCoordinator.swift in Sources */,
				B9E68FD625B041C50028EAE5 /* AppDelegate.swift in Sources */,
				B96CA0B525B0826A002D262A /* Services.swift in Sources */,
				B9C63C0125B59C3E00C6F768 /* HeaderView.swift in Sources */,
				B96CA0CB25B09AFF002D262A /* HomeCoordinator.swift in Sources */,
				B96CA0B025B04EFB002D262A /* Models.swift in Sources */,
				B9C63BEF25B4B32500C6F768 /* TopicsCoordinator.swift in Sources */,
				B9C63BE425B1F4E700C6F768 /* UIView+Pin.swift in Sources */,
				B9C63BF325B4B35900C6F768 /* SearchViewController.swift in Sources */,
				B96CA0C825B09996002D262A /* Coordinator.swift in Sources */,
				B96CA0B825B084DC002D262A /* PicturesApi.swift in Sources */,
				B96CA0C125B0860B002D262A /* ApiServices.swift in Sources */,
				B9E68FD825B041C50028EAE5 /* SceneDelegate.swift in Sources */,
				B9C63BF725B4B37400C6F768 /* SearchCoordinator.swift in Sources */,
				B9C63BFC25B5841200C6F768 /* TopicsCollectionViewCell.swift in Sources */,
				B96CA0AD25B04C70002D262A /* Reusable.swift in Sources */,
				B9C63C0425B5E0A900C6F768 /* UINavigationBar.swift in Sources */,
				B9E457DE25B6D37F0008EC52 /* LoadingView.swift in Sources */,
			);
			runOnlyForDeploymentPostprocessing = 0;
		};
/* End PBXSourcesBuildPhase section */

/* Begin PBXVariantGroup section */
		B9E68FE025B041CA0028EAE5 /* LaunchScreen.storyboard */ = {
			isa = PBXVariantGroup;
			children = (
				B9E68FE125B041CA0028EAE5 /* Base */,
			);
			name = LaunchScreen.storyboard;
			sourceTree = "<group>";
		};
/* End PBXVariantGroup section */

/* Begin XCBuildConfiguration section */
		B9E68FE425B041CA0028EAE5 /* Debug */ = {
			isa = XCBuildConfiguration;
			buildSettings = {
				ALWAYS_SEARCH_USER_PATHS = NO;
				CLANG_ANALYZER_NONNULL = YES;
				CLANG_ANALYZER_NUMBER_OBJECT_CONVERSION = YES_AGGRESSIVE;
				CLANG_CXX_LANGUAGE_STANDARD = "gnu++14";
				CLANG_CXX_LIBRARY = "libc++";
				CLANG_ENABLE_MODULES = YES;
				CLANG_ENABLE_OBJC_ARC = YES;
				CLANG_ENABLE_OBJC_WEAK = YES;
				CLANG_WARN_BLOCK_CAPTURE_AUTORELEASING = YES;
				CLANG_WARN_BOOL_CONVERSION = YES;
				CLANG_WARN_COMMA = YES;
				CLANG_WARN_CONSTANT_CONVERSION = YES;
				CLANG_WARN_DEPRECATED_OBJC_IMPLEMENTATIONS = YES;
				CLANG_WARN_DIRECT_OBJC_ISA_USAGE = YES_ERROR;
				CLANG_WARN_DOCUMENTATION_COMMENTS = YES;
				CLANG_WARN_EMPTY_BODY = YES;
				CLANG_WARN_ENUM_CONVERSION = YES;
				CLANG_WARN_INFINITE_RECURSION = YES;
				CLANG_WARN_INT_CONVERSION = YES;
				CLANG_WARN_NON_LITERAL_NULL_CONVERSION = YES;
				CLANG_WARN_OBJC_IMPLICIT_RETAIN_SELF = YES;
				CLANG_WARN_OBJC_LITERAL_CONVERSION = YES;
				CLANG_WARN_OBJC_ROOT_CLASS = YES_ERROR;
				CLANG_WARN_QUOTED_INCLUDE_IN_FRAMEWORK_HEADER = YES;
				CLANG_WARN_RANGE_LOOP_ANALYSIS = YES;
				CLANG_WARN_STRICT_PROTOTYPES = YES;
				CLANG_WARN_SUSPICIOUS_MOVE = YES;
				CLANG_WARN_UNGUARDED_AVAILABILITY = YES_AGGRESSIVE;
				CLANG_WARN_UNREACHABLE_CODE = YES;
				CLANG_WARN__DUPLICATE_METHOD_MATCH = YES;
				COPY_PHASE_STRIP = NO;
				DEBUG_INFORMATION_FORMAT = dwarf;
				ENABLE_STRICT_OBJC_MSGSEND = YES;
				ENABLE_TESTABILITY = YES;
				GCC_C_LANGUAGE_STANDARD = gnu11;
				GCC_DYNAMIC_NO_PIC = NO;
				GCC_NO_COMMON_BLOCKS = YES;
				GCC_OPTIMIZATION_LEVEL = 0;
				GCC_PREPROCESSOR_DEFINITIONS = (
					"DEBUG=1",
					"$(inherited)",
				);
				GCC_WARN_64_TO_32_BIT_CONVERSION = YES;
				GCC_WARN_ABOUT_RETURN_TYPE = YES_ERROR;
				GCC_WARN_UNDECLARED_SELECTOR = YES;
				GCC_WARN_UNINITIALIZED_AUTOS = YES_AGGRESSIVE;
				GCC_WARN_UNUSED_FUNCTION = YES;
				GCC_WARN_UNUSED_VARIABLE = YES;
				IPHONEOS_DEPLOYMENT_TARGET = 14.1;
				MTL_ENABLE_DEBUG_INFO = INCLUDE_SOURCE;
				MTL_FAST_MATH = YES;
				ONLY_ACTIVE_ARCH = YES;
				SDKROOT = iphoneos;
				SWIFT_ACTIVE_COMPILATION_CONDITIONS = DEBUG;
				SWIFT_OPTIMIZATION_LEVEL = "-Onone";
			};
			name = Debug;
		};
		B9E68FE525B041CA0028EAE5 /* Release */ = {
			isa = XCBuildConfiguration;
			buildSettings = {
				ALWAYS_SEARCH_USER_PATHS = NO;
				CLANG_ANALYZER_NONNULL = YES;
				CLANG_ANALYZER_NUMBER_OBJECT_CONVERSION = YES_AGGRESSIVE;
				CLANG_CXX_LANGUAGE_STANDARD = "gnu++14";
				CLANG_CXX_LIBRARY = "libc++";
				CLANG_ENABLE_MODULES = YES;
				CLANG_ENABLE_OBJC_ARC = YES;
				CLANG_ENABLE_OBJC_WEAK = YES;
				CLANG_WARN_BLOCK_CAPTURE_AUTORELEASING = YES;
				CLANG_WARN_BOOL_CONVERSION = YES;
				CLANG_WARN_COMMA = YES;
				CLANG_WARN_CONSTANT_CONVERSION = YES;
				CLANG_WARN_DEPRECATED_OBJC_IMPLEMENTATIONS = YES;
				CLANG_WARN_DIRECT_OBJC_ISA_USAGE = YES_ERROR;
				CLANG_WARN_DOCUMENTATION_COMMENTS = YES;
				CLANG_WARN_EMPTY_BODY = YES;
				CLANG_WARN_ENUM_CONVERSION = YES;
				CLANG_WARN_INFINITE_RECURSION = YES;
				CLANG_WARN_INT_CONVERSION = YES;
				CLANG_WARN_NON_LITERAL_NULL_CONVERSION = YES;
				CLANG_WARN_OBJC_IMPLICIT_RETAIN_SELF = YES;
				CLANG_WARN_OBJC_LITERAL_CONVERSION = YES;
				CLANG_WARN_OBJC_ROOT_CLASS = YES_ERROR;
				CLANG_WARN_QUOTED_INCLUDE_IN_FRAMEWORK_HEADER = YES;
				CLANG_WARN_RANGE_LOOP_ANALYSIS = YES;
				CLANG_WARN_STRICT_PROTOTYPES = YES;
				CLANG_WARN_SUSPICIOUS_MOVE = YES;
				CLANG_WARN_UNGUARDED_AVAILABILITY = YES_AGGRESSIVE;
				CLANG_WARN_UNREACHABLE_CODE = YES;
				CLANG_WARN__DUPLICATE_METHOD_MATCH = YES;
				COPY_PHASE_STRIP = NO;
				DEBUG_INFORMATION_FORMAT = "dwarf-with-dsym";
				ENABLE_NS_ASSERTIONS = NO;
				ENABLE_STRICT_OBJC_MSGSEND = YES;
				GCC_C_LANGUAGE_STANDARD = gnu11;
				GCC_NO_COMMON_BLOCKS = YES;
				GCC_WARN_64_TO_32_BIT_CONVERSION = YES;
				GCC_WARN_ABOUT_RETURN_TYPE = YES_ERROR;
				GCC_WARN_UNDECLARED_SELECTOR = YES;
				GCC_WARN_UNINITIALIZED_AUTOS = YES_AGGRESSIVE;
				GCC_WARN_UNUSED_FUNCTION = YES;
				GCC_WARN_UNUSED_VARIABLE = YES;
				IPHONEOS_DEPLOYMENT_TARGET = 14.1;
				MTL_ENABLE_DEBUG_INFO = NO;
				MTL_FAST_MATH = YES;
				SDKROOT = iphoneos;
				SWIFT_COMPILATION_MODE = wholemodule;
				SWIFT_OPTIMIZATION_LEVEL = "-O";
				VALIDATE_PRODUCT = YES;
			};
			name = Release;
		};
		B9E68FE725B041CA0028EAE5 /* Debug */ = {
			isa = XCBuildConfiguration;
			baseConfigurationReference = 2EAB281391B53CCD03ED6E45 /* Pods-PicturesApp.debug.xcconfig */;
			buildSettings = {
				ASSETCATALOG_COMPILER_APPICON_NAME = AppIcon;
				ASSETCATALOG_COMPILER_GLOBAL_ACCENT_COLOR_NAME = AccentColor;
				CODE_SIGN_STYLE = Automatic;
				INFOPLIST_FILE = PicturesApp/Application/Info.plist;
				LD_RUNPATH_SEARCH_PATHS = (
					"$(inherited)",
					"@executable_path/Frameworks",
				);
				PRODUCT_BUNDLE_IDENTIFIER = it.barberi.srl.PicturesApp;
				PRODUCT_NAME = "$(TARGET_NAME)";
				SWIFT_VERSION = 5.0;
				TARGETED_DEVICE_FAMILY = "1,2";
			};
			name = Debug;
		};
		B9E68FE825B041CA0028EAE5 /* Release */ = {
			isa = XCBuildConfiguration;
			baseConfigurationReference = 9BBAFDAC323917F1B16E2B4E /* Pods-PicturesApp.release.xcconfig */;
			buildSettings = {
				ASSETCATALOG_COMPILER_APPICON_NAME = AppIcon;
				ASSETCATALOG_COMPILER_GLOBAL_ACCENT_COLOR_NAME = AccentColor;
				CODE_SIGN_STYLE = Automatic;
				INFOPLIST_FILE = PicturesApp/Application/Info.plist;
				LD_RUNPATH_SEARCH_PATHS = (
					"$(inherited)",
					"@executable_path/Frameworks",
				);
				PRODUCT_BUNDLE_IDENTIFIER = it.barberi.srl.PicturesApp;
				PRODUCT_NAME = "$(TARGET_NAME)";
				SWIFT_VERSION = 5.0;
				TARGETED_DEVICE_FAMILY = "1,2";
			};
			name = Release;
		};
/* End XCBuildConfiguration section */

/* Begin XCConfigurationList section */
		B9E68FCD25B041C50028EAE5 /* Build configuration list for PBXProject "PicturesApp" */ = {
			isa = XCConfigurationList;
			buildConfigurations = (
				B9E68FE425B041CA0028EAE5 /* Debug */,
				B9E68FE525B041CA0028EAE5 /* Release */,
			);
			defaultConfigurationIsVisible = 0;
			defaultConfigurationName = Release;
		};
		B9E68FE625B041CA0028EAE5 /* Build configuration list for PBXNativeTarget "PicturesApp" */ = {
			isa = XCConfigurationList;
			buildConfigurations = (
				B9E68FE725B041CA0028EAE5 /* Debug */,
				B9E68FE825B041CA0028EAE5 /* Release */,
			);
			defaultConfigurationIsVisible = 0;
			defaultConfigurationName = Release;
		};
/* End XCConfigurationList section */
	};
	rootObject = B9E68FCA25B041C40028EAE5 /* Project object */;
}
