// !$*UTF8*$!
{
	archiveVersion = 1;
	classes = {
	};
	objectVersion = 50;
	objects = {

/* Begin PBXBuildFile section */
		6487A8B1C54B0946D1A8F606 /* Pods_Vaporusa.framework in Frameworks */ = {isa = PBXBuildFile; fileRef = EB604DD58D61657A5872715F /* Pods_Vaporusa.framework */; };
		B924D00225D27A9700FF7114 /* AppDelegate.swift in Sources */ = {isa = PBXBuildFile; fileRef = B924D00125D27A9700FF7114 /* AppDelegate.swift */; };
		B924D00425D27A9700FF7114 /* SceneDelegate.swift in Sources */ = {isa = PBXBuildFile; fileRef = B924D00325D27A9700FF7114 /* SceneDelegate.swift */; };
		B924D00625D27A9700FF7114 /* ViewController.swift in Sources */ = {isa = PBXBuildFile; fileRef = B924D00525D27A9700FF7114 /* ViewController.swift */; };
		B924D00C25D27A9700FF7114 /* Vaporusa.xcdatamodeld in Sources */ = {isa = PBXBuildFile; fileRef = B924D00A25D27A9700FF7114 /* Vaporusa.xcdatamodeld */; };
		B924D00E25D27A9B00FF7114 /* Assets.xcassets in Resources */ = {isa = PBXBuildFile; fileRef = B924D00D25D27A9B00FF7114 /* Assets.xcassets */; };
		B924D01125D27A9B00FF7114 /* LaunchScreen.storyboard in Resources */ = {isa = PBXBuildFile; fileRef = B924D00F25D27A9B00FF7114 /* LaunchScreen.storyboard */; };
		B924D02025D27B5B00FF7114 /* ViewController.xib in Resources */ = {isa = PBXBuildFile; fileRef = B924D01F25D27B5B00FF7114 /* ViewController.xib */; };
		B924D02D25D286B400FF7114 /* DataManager.swift in Sources */ = {isa = PBXBuildFile; fileRef = B924D02C25D286B400FF7114 /* DataManager.swift */; };
		B924D03125D2895A00FF7114 /* CoreDataManager.swift in Sources */ = {isa = PBXBuildFile; fileRef = B924D03025D2895A00FF7114 /* CoreDataManager.swift */; };
		B924D03525D2976C00FF7114 /* JsonFlange.swift in Sources */ = {isa = PBXBuildFile; fileRef = B924D03425D2976C00FF7114 /* JsonFlange.swift */; };
		B924D03A25D29B8900FF7114 /* JsonMapOperation.swift in Sources */ = {isa = PBXBuildFile; fileRef = B924D03925D29B8900FF7114 /* JsonMapOperation.swift */; };
		B924D03D25D29CF100FF7114 /* CoreDataImport.swift in Sources */ = {isa = PBXBuildFile; fileRef = B924D03C25D29CF100FF7114 /* CoreDataImport.swift */; };
		B9F3C01F25D2A9ED0026B20B /* flanges.json in Resources */ = {isa = PBXBuildFile; fileRef = B9F3C01E25D2A9ED0026B20B /* flanges.json */; };
/* End PBXBuildFile section */

/* Begin PBXFileReference section */
		B8DE82BCCE73494BE8549F14 /* Pods-Vaporusa.debug.xcconfig */ = {isa = PBXFileReference; includeInIndex = 1; lastKnownFileType = text.xcconfig; name = "Pods-Vaporusa.debug.xcconfig"; path = "Target Support Files/Pods-Vaporusa/Pods-Vaporusa.debug.xcconfig"; sourceTree = "<group>"; };
		B924CFFE25D27A9700FF7114 /* Vaporusa.app */ = {isa = PBXFileReference; explicitFileType = wrapper.application; includeInIndex = 0; path = Vaporusa.app; sourceTree = BUILT_PRODUCTS_DIR; };
		B924D00125D27A9700FF7114 /* AppDelegate.swift */ = {isa = PBXFileReference; lastKnownFileType = sourcecode.swift; path = AppDelegate.swift; sourceTree = "<group>"; };
		B924D00325D27A9700FF7114 /* SceneDelegate.swift */ = {isa = PBXFileReference; lastKnownFileType = sourcecode.swift; path = SceneDelegate.swift; sourceTree = "<group>"; };
		B924D00525D27A9700FF7114 /* ViewController.swift */ = {isa = PBXFileReference; lastKnownFileType = sourcecode.swift; path = ViewController.swift; sourceTree = "<group>"; };
		B924D00B25D27A9700FF7114 /* Vaporusa.xcdatamodel */ = {isa = PBXFileReference; lastKnownFileType = wrapper.xcdatamodel; path = Vaporusa.xcdatamodel; sourceTree = "<group>"; };
		B924D00D25D27A9B00FF7114 /* Assets.xcassets */ = {isa = PBXFileReference; lastKnownFileType = folder.assetcatalog; path = Assets.xcassets; sourceTree = "<group>"; };
		B924D01025D27A9B00FF7114 /* Base */ = {isa = PBXFileReference; lastKnownFileType = file.storyboard; name = Base; path = Base.lproj/LaunchScreen.storyboard; sourceTree = "<group>"; };
		B924D01225D27A9B00FF7114 /* Info.plist */ = {isa = PBXFileReference; lastKnownFileType = text.plist.xml; path = Info.plist; sourceTree = "<group>"; };
		B924D01F25D27B5B00FF7114 /* ViewController.xib */ = {isa = PBXFileReference; lastKnownFileType = file.xib; path = ViewController.xib; sourceTree = "<group>"; };
		B924D02C25D286B400FF7114 /* DataManager.swift */ = {isa = PBXFileReference; lastKnownFileType = sourcecode.swift; path = DataManager.swift; sourceTree = "<group>"; };
		B924D03025D2895A00FF7114 /* CoreDataManager.swift */ = {isa = PBXFileReference; lastKnownFileType = sourcecode.swift; path = CoreDataManager.swift; sourceTree = "<group>"; };
		B924D03425D2976C00FF7114 /* JsonFlange.swift */ = {isa = PBXFileReference; lastKnownFileType = sourcecode.swift; path = JsonFlange.swift; sourceTree = "<group>"; };
		B924D03925D29B8900FF7114 /* JsonMapOperation.swift */ = {isa = PBXFileReference; lastKnownFileType = sourcecode.swift; path = JsonMapOperation.swift; sourceTree = "<group>"; };
		B924D03C25D29CF100FF7114 /* CoreDataImport.swift */ = {isa = PBXFileReference; lastKnownFileType = sourcecode.swift; path = CoreDataImport.swift; sourceTree = "<group>"; };
		B9F3C01E25D2A9ED0026B20B /* flanges.json */ = {isa = PBXFileReference; fileEncoding = 4; lastKnownFileType = text.json; path = flanges.json; sourceTree = "<group>"; };
		BCADD0557B05CD85B4316D1A /* Pods-Vaporusa.release.xcconfig */ = {isa = PBXFileReference; includeInIndex = 1; lastKnownFileType = text.xcconfig; name = "Pods-Vaporusa.release.xcconfig"; path = "Target Support Files/Pods-Vaporusa/Pods-Vaporusa.release.xcconfig"; sourceTree = "<group>"; };
		EB604DD58D61657A5872715F /* Pods_Vaporusa.framework */ = {isa = PBXFileReference; explicitFileType = wrapper.framework; includeInIndex = 0; path = Pods_Vaporusa.framework; sourceTree = BUILT_PRODUCTS_DIR; };
/* End PBXFileReference section */

/* Begin PBXFrameworksBuildPhase section */
		B924CFFB25D27A9700FF7114 /* Frameworks */ = {
			isa = PBXFrameworksBuildPhase;
			buildActionMask = 2147483647;
			files = (
				6487A8B1C54B0946D1A8F606 /* Pods_Vaporusa.framework in Frameworks */,
			);
			runOnlyForDeploymentPostprocessing = 0;
		};
/* End PBXFrameworksBuildPhase section */

/* Begin PBXGroup section */
		142FBCB391747BA84C5C1807 /* Pods */ = {
			isa = PBXGroup;
			children = (
				B8DE82BCCE73494BE8549F14 /* Pods-Vaporusa.debug.xcconfig */,
				BCADD0557B05CD85B4316D1A /* Pods-Vaporusa.release.xcconfig */,
			);
			path = Pods;
			sourceTree = "<group>";
		};
		B75FA63C2DAC8D9108FF11B7 /* Frameworks */ = {
			isa = PBXGroup;
			children = (
				EB604DD58D61657A5872715F /* Pods_Vaporusa.framework */,
			);
			name = Frameworks;
			sourceTree = "<group>";
		};
		B924CFF525D27A9700FF7114 = {
			isa = PBXGroup;
			children = (
				B924D00025D27A9700FF7114 /* Vaporusa */,
				B924CFFF25D27A9700FF7114 /* Products */,
				142FBCB391747BA84C5C1807 /* Pods */,
				B75FA63C2DAC8D9108FF11B7 /* Frameworks */,
			);
			sourceTree = "<group>";
		};
		B924CFFF25D27A9700FF7114 /* Products */ = {
			isa = PBXGroup;
			children = (
				B924CFFE25D27A9700FF7114 /* Vaporusa.app */,
			);
			name = Products;
			sourceTree = "<group>";
		};
		B924D00025D27A9700FF7114 /* Vaporusa */ = {
			isa = PBXGroup;
			children = (
				B924D01A25D27AE400FF7114 /* Application */,
				B924D02425D27C1100FF7114 /* CoreData */,
				B924D03325D2975300FF7114 /* Models */,
				B924D02B25D2868C00FF7114 /* Protocols */,
				B924D01B25D27AF500FF7114 /* Resources */,
				B924D01925D27ADA00FF7114 /* Scene */,
				B924D01E25D27B3900FF7114 /* Storyboard */,
				B924D03825D29B6800FF7114 /* Utility */,
			);
			path = Vaporusa;
			sourceTree = "<group>";
		};
		B924D01925D27ADA00FF7114 /* Scene */ = {
			isa = PBXGroup;
			children = (
				B924D00525D27A9700FF7114 /* ViewController.swift */,
				B924D01F25D27B5B00FF7114 /* ViewController.xib */,
			);
			path = Scene;
			sourceTree = "<group>";
		};
		B924D01A25D27AE400FF7114 /* Application */ = {
			isa = PBXGroup;
			children = (
				B924D00325D27A9700FF7114 /* SceneDelegate.swift */,
				B924D00125D27A9700FF7114 /* AppDelegate.swift */,
				B924D01225D27A9B00FF7114 /* Info.plist */,
			);
			path = Application;
			sourceTree = "<group>";
		};
		B924D01B25D27AF500FF7114 /* Resources */ = {
			isa = PBXGroup;
			children = (
				B9F3C01E25D2A9ED0026B20B /* flanges.json */,
				B924D00D25D27A9B00FF7114 /* Assets.xcassets */,
			);
			path = Resources;
			sourceTree = "<group>";
		};
		B924D01E25D27B3900FF7114 /* Storyboard */ = {
			isa = PBXGroup;
			children = (
				B924D00F25D27A9B00FF7114 /* LaunchScreen.storyboard */,
			);
			path = Storyboard;
			sourceTree = "<group>";
		};
		B924D02425D27C1100FF7114 /* CoreData */ = {
			isa = PBXGroup;
			children = (
				B924D00A25D27A9700FF7114 /* Vaporusa.xcdatamodeld */,
				B924D03025D2895A00FF7114 /* CoreDataManager.swift */,
			);
			path = CoreData;
			sourceTree = "<group>";
		};
		B924D02B25D2868C00FF7114 /* Protocols */ = {
			isa = PBXGroup;
			children = (
				B924D02C25D286B400FF7114 /* DataManager.swift */,
			);
			path = Protocols;
			sourceTree = "<group>";
		};
		B924D03325D2975300FF7114 /* Models */ = {
			isa = PBXGroup;
			children = (
				B924D03425D2976C00FF7114 /* JsonFlange.swift */,
			);
			path = Models;
			sourceTree = "<group>";
		};
		B924D03825D29B6800FF7114 /* Utility */ = {
			isa = PBXGroup;
			children = (
				B924D03925D29B8900FF7114 /* JsonMapOperation.swift */,
				B924D03C25D29CF100FF7114 /* CoreDataImport.swift */,
			);
			path = Utility;
			sourceTree = "<group>";
		};
/* End PBXGroup section */

/* Begin PBXNativeTarget section */
		B924CFFD25D27A9700FF7114 /* Vaporusa */ = {
			isa = PBXNativeTarget;
			buildConfigurationList = B924D01525D27A9B00FF7114 /* Build configuration list for PBXNativeTarget "Vaporusa" */;
			buildPhases = (
				D0E350D071EDF8A7E781C75F /* [CP] Check Pods Manifest.lock */,
				B924D02925D280FA00FF7114 /* SwiftLint */,
				B924CFFA25D27A9700FF7114 /* Sources */,
				B924CFFB25D27A9700FF7114 /* Frameworks */,
				B924CFFC25D27A9700FF7114 /* Resources */,
			);
			buildRules = (
			);
			dependencies = (
			);
			name = Vaporusa;
			productName = Vaporusa;
			productReference = B924CFFE25D27A9700FF7114 /* Vaporusa.app */;
			productType = "com.apple.product-type.application";
		};
/* End PBXNativeTarget section */

/* Begin PBXProject section */
		B924CFF625D27A9700FF7114 /* Project object */ = {
			isa = PBXProject;
			attributes = {
				LastSwiftUpdateCheck = 1210;
				LastUpgradeCheck = 1210;
				TargetAttributes = {
					B924CFFD25D27A9700FF7114 = {
						CreatedOnToolsVersion = 12.1;
					};
				};
			};
			buildConfigurationList = B924CFF925D27A9700FF7114 /* Build configuration list for PBXProject "Vaporusa" */;
			compatibilityVersion = "Xcode 9.3";
			developmentRegion = en;
			hasScannedForEncodings = 0;
			knownRegions = (
				en,
				Base,
			);
			mainGroup = B924CFF525D27A9700FF7114;
			productRefGroup = B924CFFF25D27A9700FF7114 /* Products */;
			projectDirPath = "";
			projectRoot = "";
			targets = (
				B924CFFD25D27A9700FF7114 /* Vaporusa */,
			);
		};
/* End PBXProject section */

/* Begin PBXResourcesBuildPhase section */
		B924CFFC25D27A9700FF7114 /* Resources */ = {
			isa = PBXResourcesBuildPhase;
			buildActionMask = 2147483647;
			files = (
				B9F3C01F25D2A9ED0026B20B /* flanges.json in Resources */,
				B924D01125D27A9B00FF7114 /* LaunchScreen.storyboard in Resources */,
				B924D02025D27B5B00FF7114 /* ViewController.xib in Resources */,
				B924D00E25D27A9B00FF7114 /* Assets.xcassets in Resources */,
			);
			runOnlyForDeploymentPostprocessing = 0;
		};
/* End PBXResourcesBuildPhase section */

/* Begin PBXShellScriptBuildPhase section */
		B924D02925D280FA00FF7114 /* SwiftLint */ = {
			isa = PBXShellScriptBuildPhase;
			buildActionMask = 2147483647;
			files = (
			);
			inputFileListPaths = (
			);
			inputPaths = (
			);
			name = SwiftLint;
			outputFileListPaths = (
			);
			outputPaths = (
			);
			runOnlyForDeploymentPostprocessing = 0;
			shellPath = /bin/sh;
			shellScript = "if which swiftlint >/dev/null; then\n  swiftlint\nelse\n  echo \"warning: SwiftLint not installed, download from https://github.com/realm/SwiftLint\"\nfi\n# Type a script or drag a script file from your workspace to insert its path.\n";
		};
		D0E350D071EDF8A7E781C75F /* [CP] Check Pods Manifest.lock */ = {
			isa = PBXShellScriptBuildPhase;
			buildActionMask = 2147483647;
			files = (
			);
			inputFileListPaths = (
			);
			inputPaths = (
				"${PODS_PODFILE_DIR_PATH}/Podfile.lock",
				"${PODS_ROOT}/Manifest.lock",
			);
			name = "[CP] Check Pods Manifest.lock";
			outputFileListPaths = (
			);
			outputPaths = (
				"$(DERIVED_FILE_DIR)/Pods-Vaporusa-checkManifestLockResult.txt",
			);
			runOnlyForDeploymentPostprocessing = 0;
			shellPath = /bin/sh;
			shellScript = "diff \"${PODS_PODFILE_DIR_PATH}/Podfile.lock\" \"${PODS_ROOT}/Manifest.lock\" > /dev/null\nif [ $? != 0 ] ; then\n    # print error to STDERR\n    echo \"error: The sandbox is not in sync with the Podfile.lock. Run 'pod install' or update your CocoaPods installation.\" >&2\n    exit 1\nfi\n# This output is used by Xcode 'outputs' to avoid re-running this script phase.\necho \"SUCCESS\" > \"${SCRIPT_OUTPUT_FILE_0}\"\n";
			showEnvVarsInLog = 0;
		};
/* End PBXShellScriptBuildPhase section */

/* Begin PBXSourcesBuildPhase section */
		B924CFFA25D27A9700FF7114 /* Sources */ = {
			isa = PBXSourcesBuildPhase;
			buildActionMask = 2147483647;
			files = (
				B924D03525D2976C00FF7114 /* JsonFlange.swift in Sources */,
				B924D03125D2895A00FF7114 /* CoreDataManager.swift in Sources */,
				B924D03A25D29B8900FF7114 /* JsonMapOperation.swift in Sources */,
				B924D03D25D29CF100FF7114 /* CoreDataImport.swift in Sources */,
				B924D00625D27A9700FF7114 /* ViewController.swift in Sources */,
				B924D02D25D286B400FF7114 /* DataManager.swift in Sources */,
				B924D00225D27A9700FF7114 /* AppDelegate.swift in Sources */,
				B924D00C25D27A9700FF7114 /* Vaporusa.xcdatamodeld in Sources */,
				B924D00425D27A9700FF7114 /* SceneDelegate.swift in Sources */,
			);
			runOnlyForDeploymentPostprocessing = 0;
		};
/* End PBXSourcesBuildPhase section */

/* Begin PBXVariantGroup section */
		B924D00F25D27A9B00FF7114 /* LaunchScreen.storyboard */ = {
			isa = PBXVariantGroup;
			children = (
				B924D01025D27A9B00FF7114 /* Base */,
			);
			name = LaunchScreen.storyboard;
			sourceTree = "<group>";
		};
/* End PBXVariantGroup section */

/* Begin XCBuildConfiguration section */
		B924D01325D27A9B00FF7114 /* Debug */ = {
			isa = XCBuildConfiguration;
			buildSettings = {
				ALWAYS_SEARCH_USER_PATHS = NO;
				CLANG_ANALYZER_NONNULL = YES;
				CLANG_ANALYZER_NUMBER_OBJECT_CONVERSION = YES_AGGRESSIVE;
				CLANG_CXX_LANGUAGE_STANDARD = "gnu++14";
				CLANG_CXX_LIBRARY = "libc++";
				CLANG_ENABLE_MODULES = YES;
				CLANG_ENABLE_OBJC_ARC = YES;
				CLANG_ENABLE_OBJC_WEAK = YES;
				CLANG_WARN_BLOCK_CAPTURE_AUTORELEASING = YES;
				CLANG_WARN_BOOL_CONVERSION = YES;
				CLANG_WARN_COMMA = YES;
				CLANG_WARN_CONSTANT_CONVERSION = YES;
				CLANG_WARN_DEPRECATED_OBJC_IMPLEMENTATIONS = YES;
				CLANG_WARN_DIRECT_OBJC_ISA_USAGE = YES_ERROR;
				CLANG_WARN_DOCUMENTATION_COMMENTS = YES;
				CLANG_WARN_EMPTY_BODY = YES;
				CLANG_WARN_ENUM_CONVERSION = YES;
				CLANG_WARN_INFINITE_RECURSION = YES;
				CLANG_WARN_INT_CONVERSION = YES;
				CLANG_WARN_NON_LITERAL_NULL_CONVERSION = YES;
				CLANG_WARN_OBJC_IMPLICIT_RETAIN_SELF = YES;
				CLANG_WARN_OBJC_LITERAL_CONVERSION = YES;
				CLANG_WARN_OBJC_ROOT_CLASS = YES_ERROR;
				CLANG_WARN_QUOTED_INCLUDE_IN_FRAMEWORK_HEADER = YES;
				CLANG_WARN_RANGE_LOOP_ANALYSIS = YES;
				CLANG_WARN_STRICT_PROTOTYPES = YES;
				CLANG_WARN_SUSPICIOUS_MOVE = YES;
				CLANG_WARN_UNGUARDED_AVAILABILITY = YES_AGGRESSIVE;
				CLANG_WARN_UNREACHABLE_CODE = YES;
				CLANG_WARN__DUPLICATE_METHOD_MATCH = YES;
				COPY_PHASE_STRIP = NO;
				DEBUG_INFORMATION_FORMAT = dwarf;
				ENABLE_STRICT_OBJC_MSGSEND = YES;
				ENABLE_TESTABILITY = YES;
				GCC_C_LANGUAGE_STANDARD = gnu11;
				GCC_DYNAMIC_NO_PIC = NO;
				GCC_NO_COMMON_BLOCKS = YES;
				GCC_OPTIMIZATION_LEVEL = 0;
				GCC_PREPROCESSOR_DEFINITIONS = (
					"DEBUG=1",
					"$(inherited)",
				);
				GCC_WARN_64_TO_32_BIT_CONVERSION = YES;
				GCC_WARN_ABOUT_RETURN_TYPE = YES_ERROR;
				GCC_WARN_UNDECLARED_SELECTOR = YES;
				GCC_WARN_UNINITIALIZED_AUTOS = YES_AGGRESSIVE;
				GCC_WARN_UNUSED_FUNCTION = YES;
				GCC_WARN_UNUSED_VARIABLE = YES;
				IPHONEOS_DEPLOYMENT_TARGET = 14.1;
				MTL_ENABLE_DEBUG_INFO = INCLUDE_SOURCE;
				MTL_FAST_MATH = YES;
				ONLY_ACTIVE_ARCH = YES;
				SDKROOT = iphoneos;
				SWIFT_ACTIVE_COMPILATION_CONDITIONS = DEBUG;
				SWIFT_OPTIMIZATION_LEVEL = "-Onone";
			};
			name = Debug;
		};
		B924D01425D27A9B00FF7114 /* Release */ = {
			isa = XCBuildConfiguration;
			buildSettings = {
				ALWAYS_SEARCH_USER_PATHS = NO;
				CLANG_ANALYZER_NONNULL = YES;
				CLANG_ANALYZER_NUMBER_OBJECT_CONVERSION = YES_AGGRESSIVE;
				CLANG_CXX_LANGUAGE_STANDARD = "gnu++14";
				CLANG_CXX_LIBRARY = "libc++";
				CLANG_ENABLE_MODULES = YES;
				CLANG_ENABLE_OBJC_ARC = YES;
				CLANG_ENABLE_OBJC_WEAK = YES;
				CLANG_WARN_BLOCK_CAPTURE_AUTORELEASING = YES;
				CLANG_WARN_BOOL_CONVERSION = YES;
				CLANG_WARN_COMMA = YES;
				CLANG_WARN_CONSTANT_CONVERSION = YES;
				CLANG_WARN_DEPRECATED_OBJC_IMPLEMENTATIONS = YES;
				CLANG_WARN_DIRECT_OBJC_ISA_USAGE = YES_ERROR;
				CLANG_WARN_DOCUMENTATION_COMMENTS = YES;
				CLANG_WARN_EMPTY_BODY = YES;
				CLANG_WARN_ENUM_CONVERSION = YES;
				CLANG_WARN_INFINITE_RECURSION = YES;
				CLANG_WARN_INT_CONVERSION = YES;
				CLANG_WARN_NON_LITERAL_NULL_CONVERSION = YES;
				CLANG_WARN_OBJC_IMPLICIT_RETAIN_SELF = YES;
				CLANG_WARN_OBJC_LITERAL_CONVERSION = YES;
				CLANG_WARN_OBJC_ROOT_CLASS = YES_ERROR;
				CLANG_WARN_QUOTED_INCLUDE_IN_FRAMEWORK_HEADER = YES;
				CLANG_WARN_RANGE_LOOP_ANALYSIS = YES;
				CLANG_WARN_STRICT_PROTOTYPES = YES;
				CLANG_WARN_SUSPICIOUS_MOVE = YES;
				CLANG_WARN_UNGUARDED_AVAILABILITY = YES_AGGRESSIVE;
				CLANG_WARN_UNREACHABLE_CODE = YES;
				CLANG_WARN__DUPLICATE_METHOD_MATCH = YES;
				COPY_PHASE_STRIP = NO;
				DEBUG_INFORMATION_FORMAT = "dwarf-with-dsym";
				ENABLE_NS_ASSERTIONS = NO;
				ENABLE_STRICT_OBJC_MSGSEND = YES;
				GCC_C_LANGUAGE_STANDARD = gnu11;
				GCC_NO_COMMON_BLOCKS = YES;
				GCC_WARN_64_TO_32_BIT_CONVERSION = YES;
				GCC_WARN_ABOUT_RETURN_TYPE = YES_ERROR;
				GCC_WARN_UNDECLARED_SELECTOR = YES;
				GCC_WARN_UNINITIALIZED_AUTOS = YES_AGGRESSIVE;
				GCC_WARN_UNUSED_FUNCTION = YES;
				GCC_WARN_UNUSED_VARIABLE = YES;
				IPHONEOS_DEPLOYMENT_TARGET = 14.1;
				MTL_ENABLE_DEBUG_INFO = NO;
				MTL_FAST_MATH = YES;
				SDKROOT = iphoneos;
				SWIFT_COMPILATION_MODE = wholemodule;
				SWIFT_OPTIMIZATION_LEVEL = "-O";
				VALIDATE_PRODUCT = YES;
			};
			name = Release;
		};
		B924D01625D27A9B00FF7114 /* Debug */ = {
			isa = XCBuildConfiguration;
			baseConfigurationReference = B8DE82BCCE73494BE8549F14 /* Pods-Vaporusa.debug.xcconfig */;
			buildSettings = {
				ASSETCATALOG_COMPILER_APPICON_NAME = AppIcon;
				ASSETCATALOG_COMPILER_GLOBAL_ACCENT_COLOR_NAME = AccentColor;
				CODE_SIGN_STYLE = Automatic;
				DEVELOPMENT_TEAM = 8S4255EPQZ;
				INFOPLIST_FILE = Vaporusa/Application/Info.plist;
				LD_RUNPATH_SEARCH_PATHS = (
					"$(inherited)",
					"@executable_path/Frameworks",
				);
				PRODUCT_BUNDLE_IDENTIFIER = it.mwd.vaporusa.Vaporusa;
				PRODUCT_NAME = "$(TARGET_NAME)";
				SWIFT_VERSION = 5.0;
				TARGETED_DEVICE_FAMILY = "1,2";
			};
			name = Debug;
		};
		B924D01725D27A9B00FF7114 /* Release */ = {
			isa = XCBuildConfiguration;
			baseConfigurationReference = BCADD0557B05CD85B4316D1A /* Pods-Vaporusa.release.xcconfig */;
			buildSettings = {
				ASSETCATALOG_COMPILER_APPICON_NAME = AppIcon;
				ASSETCATALOG_COMPILER_GLOBAL_ACCENT_COLOR_NAME = AccentColor;
				CODE_SIGN_STYLE = Automatic;
				DEVELOPMENT_TEAM = 8S4255EPQZ;
				INFOPLIST_FILE = Vaporusa/Application/Info.plist;
				LD_RUNPATH_SEARCH_PATHS = (
					"$(inherited)",
					"@executable_path/Frameworks",
				);
				PRODUCT_BUNDLE_IDENTIFIER = it.mwd.vaporusa.Vaporusa;
				PRODUCT_NAME = "$(TARGET_NAME)";
				SWIFT_VERSION = 5.0;
				TARGETED_DEVICE_FAMILY = "1,2";
			};
			name = Release;
		};
/* End XCBuildConfiguration section */

/* Begin XCConfigurationList section */
		B924CFF925D27A9700FF7114 /* Build configuration list for PBXProject "Vaporusa" */ = {
			isa = XCConfigurationList;
			buildConfigurations = (
				B924D01325D27A9B00FF7114 /* Debug */,
				B924D01425D27A9B00FF7114 /* Release */,
			);
			defaultConfigurationIsVisible = 0;
			defaultConfigurationName = Release;
		};
		B924D01525D27A9B00FF7114 /* Build configuration list for PBXNativeTarget "Vaporusa" */ = {
			isa = XCConfigurationList;
			buildConfigurations = (
				B924D01625D27A9B00FF7114 /* Debug */,
				B924D01725D27A9B00FF7114 /* Release */,
			);
			defaultConfigurationIsVisible = 0;
			defaultConfigurationName = Release;
		};
/* End XCConfigurationList section */

/* Begin XCVersionGroup section */
		B924D00A25D27A9700FF7114 /* Vaporusa.xcdatamodeld */ = {
			isa = XCVersionGroup;
			children = (
				B924D00B25D27A9700FF7114 /* Vaporusa.xcdatamodel */,
			);
			currentVersion = B924D00B25D27A9700FF7114 /* Vaporusa.xcdatamodel */;
			path = Vaporusa.xcdatamodeld;
			sourceTree = "<group>";
			versionGroupType = wrapper.xcdatamodel;
		};
/* End XCVersionGroup section */
	};
	rootObject = B924CFF625D27A9700FF7114 /* Project object */;
}
