// !$*UTF8*$!
{
	archiveVersion = 1;
	classes = {
	};
	objectVersion = 51;
	objects = {

/* Begin PBXBuildFile section */
		182EC7A001AD0398755AC1C0 /* Pods_Septa.framework in Frameworks */ = {isa = PBXBuildFile; fileRef = 109895DC838B4B43125101C3 /* Pods_Septa.framework */; };
		B92C743225DE56390033512B /* HomeCoordinator.swift in Sources */ = {isa = PBXBuildFile; fileRef = B92C743125DE56390033512B /* HomeCoordinator.swift */; };
		B92C743525DE56480033512B /* Coordinator.swift in Sources */ = {isa = PBXBuildFile; fileRef = B92C743425DE56480033512B /* Coordinator.swift */; };
		B92C743925DE569B0033512B /* AppCoordinator.swift in Sources */ = {isa = PBXBuildFile; fileRef = B92C743825DE569B0033512B /* AppCoordinator.swift */; };
		B92C743E25DE5AF10033512B /* StopsViewController.swift in Sources */ = {isa = PBXBuildFile; fileRef = B92C743C25DE5AF10033512B /* StopsViewController.swift */; };
		B92C743F25DE5AF10033512B /* StopsViewController.xib in Resources */ = {isa = PBXBuildFile; fileRef = B92C743D25DE5AF10033512B /* StopsViewController.xib */; };
		B92C744225DE5C700033512B /* StopsCoordinator.swift in Sources */ = {isa = PBXBuildFile; fileRef = B92C744125DE5C700033512B /* StopsCoordinator.swift */; };
		B92C744525DE5C890033512B /* StopsViewModel.swift in Sources */ = {isa = PBXBuildFile; fileRef = B92C744425DE5C880033512B /* StopsViewModel.swift */; };
		B92C744825DE64060033512B /* Stops.swift in Sources */ = {isa = PBXBuildFile; fileRef = B92C744725DE64060033512B /* Stops.swift */; };
		B92C744B25DE64730033512B /* StopViewModel.swift in Sources */ = {isa = PBXBuildFile; fileRef = B92C744A25DE64730033512B /* StopViewModel.swift */; };
		B970123625DD1BE000E3BCA8 /* HomeViewModel.swift in Sources */ = {isa = PBXBuildFile; fileRef = B970123525DD1BE000E3BCA8 /* HomeViewModel.swift */; };
		B970125925DD2FDB00E3BCA8 /* LocationViewModel.swift in Sources */ = {isa = PBXBuildFile; fileRef = B970125825DD2FDB00E3BCA8 /* LocationViewModel.swift */; };
		B995354D25DA7F4B004ED524 /* AppDelegate.swift in Sources */ = {isa = PBXBuildFile; fileRef = B995354C25DA7F4B004ED524 /* AppDelegate.swift */; };
		B995354F25DA7F4B004ED524 /* SceneDelegate.swift in Sources */ = {isa = PBXBuildFile; fileRef = B995354E25DA7F4B004ED524 /* SceneDelegate.swift */; };
		B995355125DA7F4B004ED524 /* HomeViewController.swift in Sources */ = {isa = PBXBuildFile; fileRef = B995355025DA7F4B004ED524 /* HomeViewController.swift */; };
		B995355625DA7F4E004ED524 /* Assets.xcassets in Resources */ = {isa = PBXBuildFile; fileRef = B995355525DA7F4E004ED524 /* Assets.xcassets */; };
		B995355925DA7F4E004ED524 /* LaunchScreen.storyboard in Resources */ = {isa = PBXBuildFile; fileRef = B995355725DA7F4E004ED524 /* LaunchScreen.storyboard */; };
		B995356725DA85A3004ED524 /* HomeViewController.xib in Resources */ = {isa = PBXBuildFile; fileRef = B995356625DA85A3004ED524 /* HomeViewController.xib */; };
		B995357725DD0507004ED524 /* Location.swift in Sources */ = {isa = PBXBuildFile; fileRef = B995357625DD0507004ED524 /* Location.swift */; };
		B995357C25DD0F9C004ED524 /* NetworkManager.swift in Sources */ = {isa = PBXBuildFile; fileRef = B995357B25DD0F9C004ED524 /* NetworkManager.swift */; };
/* End PBXBuildFile section */

/* Begin PBXFileReference section */
		08E2281BC47F3EF18E142827 /* Pods-Septa.release.xcconfig */ = {isa = PBXFileReference; includeInIndex = 1; lastKnownFileType = text.xcconfig; name = "Pods-Septa.release.xcconfig"; path = "Target Support Files/Pods-Septa/Pods-Septa.release.xcconfig"; sourceTree = "<group>"; };
		109895DC838B4B43125101C3 /* Pods_Septa.framework */ = {isa = PBXFileReference; explicitFileType = wrapper.framework; includeInIndex = 0; path = Pods_Septa.framework; sourceTree = BUILT_PRODUCTS_DIR; };
		45ED75305EE91F5D370760A1 /* Pods-Septa.debug.xcconfig */ = {isa = PBXFileReference; includeInIndex = 1; lastKnownFileType = text.xcconfig; name = "Pods-Septa.debug.xcconfig"; path = "Target Support Files/Pods-Septa/Pods-Septa.debug.xcconfig"; sourceTree = "<group>"; };
		B92C743125DE56390033512B /* HomeCoordinator.swift */ = {isa = PBXFileReference; lastKnownFileType = sourcecode.swift; path = HomeCoordinator.swift; sourceTree = "<group>"; };
		B92C743425DE56480033512B /* Coordinator.swift */ = {isa = PBXFileReference; lastKnownFileType = sourcecode.swift; path = Coordinator.swift; sourceTree = "<group>"; };
		B92C743825DE569B0033512B /* AppCoordinator.swift */ = {isa = PBXFileReference; lastKnownFileType = sourcecode.swift; path = AppCoordinator.swift; sourceTree = "<group>"; };
		B92C743C25DE5AF10033512B /* StopsViewController.swift */ = {isa = PBXFileReference; lastKnownFileType = sourcecode.swift; path = StopsViewController.swift; sourceTree = "<group>"; };
		B92C743D25DE5AF10033512B /* StopsViewController.xib */ = {isa = PBXFileReference; lastKnownFileType = file.xib; path = StopsViewController.xib; sourceTree = "<group>"; };
		B92C744125DE5C700033512B /* StopsCoordinator.swift */ = {isa = PBXFileReference; lastKnownFileType = sourcecode.swift; path = StopsCoordinator.swift; sourceTree = "<group>"; };
		B92C744425DE5C880033512B /* StopsViewModel.swift */ = {isa = PBXFileReference; lastKnownFileType = sourcecode.swift; path = StopsViewModel.swift; sourceTree = "<group>"; };
		B92C744725DE64060033512B /* Stops.swift */ = {isa = PBXFileReference; lastKnownFileType = sourcecode.swift; path = Stops.swift; sourceTree = "<group>"; };
		B92C744A25DE64730033512B /* StopViewModel.swift */ = {isa = PBXFileReference; lastKnownFileType = sourcecode.swift; path = StopViewModel.swift; sourceTree = "<group>"; };
		B970123525DD1BE000E3BCA8 /* HomeViewModel.swift */ = {isa = PBXFileReference; lastKnownFileType = sourcecode.swift; path = HomeViewModel.swift; sourceTree = "<group>"; };
		B970125825DD2FDB00E3BCA8 /* LocationViewModel.swift */ = {isa = PBXFileReference; lastKnownFileType = sourcecode.swift; path = LocationViewModel.swift; sourceTree = "<group>"; };
		B995354925DA7F4B004ED524 /* Septa.app */ = {isa = PBXFileReference; explicitFileType = wrapper.application; includeInIndex = 0; path = Septa.app; sourceTree = BUILT_PRODUCTS_DIR; };
		B995354C25DA7F4B004ED524 /* AppDelegate.swift */ = {isa = PBXFileReference; lastKnownFileType = sourcecode.swift; path = AppDelegate.swift; sourceTree = "<group>"; };
		B995354E25DA7F4B004ED524 /* SceneDelegate.swift */ = {isa = PBXFileReference; lastKnownFileType = sourcecode.swift; path = SceneDelegate.swift; sourceTree = "<group>"; };
		B995355025DA7F4B004ED524 /* HomeViewController.swift */ = {isa = PBXFileReference; lastKnownFileType = sourcecode.swift; path = HomeViewController.swift; sourceTree = "<group>"; };
		B995355525DA7F4E004ED524 /* Assets.xcassets */ = {isa = PBXFileReference; lastKnownFileType = folder.assetcatalog; path = Assets.xcassets; sourceTree = "<group>"; };
		B995355825DA7F4E004ED524 /* Base */ = {isa = PBXFileReference; lastKnownFileType = file.storyboard; name = Base; path = Base.lproj/LaunchScreen.storyboard; sourceTree = "<group>"; };
		B995355A25DA7F4E004ED524 /* Info.plist */ = {isa = PBXFileReference; lastKnownFileType = text.plist.xml; path = Info.plist; sourceTree = "<group>"; };
		B995356625DA85A3004ED524 /* HomeViewController.xib */ = {isa = PBXFileReference; lastKnownFileType = file.xib; path = HomeViewController.xib; sourceTree = "<group>"; };
		B995357625DD0507004ED524 /* Location.swift */ = {isa = PBXFileReference; lastKnownFileType = sourcecode.swift; path = Location.swift; sourceTree = "<group>"; };
		B995357B25DD0F9C004ED524 /* NetworkManager.swift */ = {isa = PBXFileReference; lastKnownFileType = sourcecode.swift; path = NetworkManager.swift; sourceTree = "<group>"; };
/* End PBXFileReference section */

/* Begin PBXFrameworksBuildPhase section */
		B995354625DA7F4B004ED524 /* Frameworks */ = {
			isa = PBXFrameworksBuildPhase;
			buildActionMask = 2147483647;
			files = (
				182EC7A001AD0398755AC1C0 /* Pods_Septa.framework in Frameworks */,
			);
			runOnlyForDeploymentPostprocessing = 0;
		};
/* End PBXFrameworksBuildPhase section */

/* Begin PBXGroup section */
		420AFFE3CF2617149C03318E /* Frameworks */ = {
			isa = PBXGroup;
			children = (
				109895DC838B4B43125101C3 /* Pods_Septa.framework */,
			);
			name = Frameworks;
			sourceTree = "<group>";
		};
		8D8DD177A2DDB17267A6441C /* Pods */ = {
			isa = PBXGroup;
			children = (
				45ED75305EE91F5D370760A1 /* Pods-Septa.debug.xcconfig */,
				08E2281BC47F3EF18E142827 /* Pods-Septa.release.xcconfig */,
			);
			path = Pods;
			sourceTree = "<group>";
		};
		B92C743B25DE5AB90033512B /* Stops */ = {
			isa = PBXGroup;
			children = (
				B92C743C25DE5AF10033512B /* StopsViewController.swift */,
				B92C743D25DE5AF10033512B /* StopsViewController.xib */,
				B92C744125DE5C700033512B /* StopsCoordinator.swift */,
				B92C744425DE5C880033512B /* StopsViewModel.swift */,
			);
			path = Stops;
			sourceTree = "<group>";
		};
		B970124A25DD212A00E3BCA8 /* Protocols */ = {
			isa = PBXGroup;
			children = (
				B92C743425DE56480033512B /* Coordinator.swift */,
			);
			path = Protocols;
			sourceTree = "<group>";
		};
		B970125B25DD300200E3BCA8 /* ViewModels */ = {
			isa = PBXGroup;
			children = (
				B970125825DD2FDB00E3BCA8 /* LocationViewModel.swift */,
				B92C744A25DE64730033512B /* StopViewModel.swift */,
			);
			path = ViewModels;
			sourceTree = "<group>";
		};
		B995354025DA7F4B004ED524 = {
			isa = PBXGroup;
			children = (
				B995354B25DA7F4B004ED524 /* Septa */,
				B995354A25DA7F4B004ED524 /* Products */,
				8D8DD177A2DDB17267A6441C /* Pods */,
				420AFFE3CF2617149C03318E /* Frameworks */,
			);
			sourceTree = "<group>";
		};
		B995354A25DA7F4B004ED524 /* Products */ = {
			isa = PBXGroup;
			children = (
				B995354925DA7F4B004ED524 /* Septa.app */,
			);
			name = Products;
			sourceTree = "<group>";
		};
		B995354B25DA7F4B004ED524 /* Septa */ = {
			isa = PBXGroup;
			children = (
				B970125B25DD300200E3BCA8 /* ViewModels */,
				B970124A25DD212A00E3BCA8 /* Protocols */,
				B995358C25DD1460004ED524 /* Extensions */,
				B995357525DBDEE8004ED524 /* Models */,
				B995357425DBCF32004ED524 /* Storyboard */,
				B995356125DA7F5D004ED524 /* Application */,
				B995356225DA7F65004ED524 /* Resources */,
				B995356325DA7F6C004ED524 /* Scene */,
				B995357A25DD0F84004ED524 /* Utility */,
			);
			path = Septa;
			sourceTree = "<group>";
		};
		B995356125DA7F5D004ED524 /* Application */ = {
			isa = PBXGroup;
			children = (
				B995354C25DA7F4B004ED524 /* AppDelegate.swift */,
				B995354E25DA7F4B004ED524 /* SceneDelegate.swift */,
				B995355A25DA7F4E004ED524 /* Info.plist */,
				B92C743825DE569B0033512B /* AppCoordinator.swift */,
			);
			path = Application;
			sourceTree = "<group>";
		};
		B995356225DA7F65004ED524 /* Resources */ = {
			isa = PBXGroup;
			children = (
				B995355525DA7F4E004ED524 /* Assets.xcassets */,
			);
			path = Resources;
			sourceTree = "<group>";
		};
		B995356325DA7F6C004ED524 /* Scene */ = {
			isa = PBXGroup;
			children = (
				B92C743B25DE5AB90033512B /* Stops */,
				B995356925DA85E0004ED524 /* Home */,
			);
			path = Scene;
			sourceTree = "<group>";
		};
		B995356925DA85E0004ED524 /* Home */ = {
			isa = PBXGroup;
			children = (
				B995355025DA7F4B004ED524 /* HomeViewController.swift */,
				B995356625DA85A3004ED524 /* HomeViewController.xib */,
				B970123525DD1BE000E3BCA8 /* HomeViewModel.swift */,
				B92C743125DE56390033512B /* HomeCoordinator.swift */,
			);
			path = Home;
			sourceTree = "<group>";
		};
		B995357425DBCF32004ED524 /* Storyboard */ = {
			isa = PBXGroup;
			children = (
				B995355725DA7F4E004ED524 /* LaunchScreen.storyboard */,
			);
			path = Storyboard;
			sourceTree = "<group>";
		};
		B995357525DBDEE8004ED524 /* Models */ = {
			isa = PBXGroup;
			children = (
				B995357625DD0507004ED524 /* Location.swift */,
				B92C744725DE64060033512B /* Stops.swift */,
			);
			path = Models;
			sourceTree = "<group>";
		};
		B995357A25DD0F84004ED524 /* Utility */ = {
			isa = PBXGroup;
			children = (
				B995357B25DD0F9C004ED524 /* NetworkManager.swift */,
			);
			path = Utility;
			sourceTree = "<group>";
		};
		B995358C25DD1460004ED524 /* Extensions */ = {
			isa = PBXGroup;
			children = (
			);
			path = Extensions;
			sourceTree = "<group>";
		};
/* End PBXGroup section */

/* Begin PBXNativeTarget section */
		B995354825DA7F4B004ED524 /* Septa */ = {
			isa = PBXNativeTarget;
			buildConfigurationList = B995355D25DA7F4E004ED524 /* Build configuration list for PBXNativeTarget "Septa" */;
			buildPhases = (
				C24A3C9196E101C630CF01B0 /* [CP] Check Pods Manifest.lock */,
				B995356F25DA8C1A004ED524 /* SwiftLint */,
				B995354525DA7F4B004ED524 /* Sources */,
				B995354625DA7F4B004ED524 /* Frameworks */,
				B995354725DA7F4B004ED524 /* Resources */,
				C647685C764D3A7AA08773A7 /* [CP] Embed Pods Frameworks */,
			);
			buildRules = (
			);
			dependencies = (
			);
			name = Septa;
			productName = Septa;
			productReference = B995354925DA7F4B004ED524 /* Septa.app */;
			productType = "com.apple.product-type.application";
		};
/* End PBXNativeTarget section */

/* Begin PBXProject section */
		B995354125DA7F4B004ED524 /* Project object */ = {
			isa = PBXProject;
			attributes = {
				LastSwiftUpdateCheck = 1240;
				LastUpgradeCheck = 1240;
				TargetAttributes = {
					B995354825DA7F4B004ED524 = {
						CreatedOnToolsVersion = 12.4;
					};
				};
			};
			buildConfigurationList = B995354425DA7F4B004ED524 /* Build configuration list for PBXProject "Septa" */;
			compatibilityVersion = "Xcode 9.3";
			developmentRegion = en;
			hasScannedForEncodings = 0;
			knownRegions = (
				en,
				Base,
			);
			mainGroup = B995354025DA7F4B004ED524;
			productRefGroup = B995354A25DA7F4B004ED524 /* Products */;
			projectDirPath = "";
			projectRoot = "";
			targets = (
				B995354825DA7F4B004ED524 /* Septa */,
			);
		};
/* End PBXProject section */

/* Begin PBXResourcesBuildPhase section */
		B995354725DA7F4B004ED524 /* Resources */ = {
			isa = PBXResourcesBuildPhase;
			buildActionMask = 2147483647;
			files = (
				B92C743F25DE5AF10033512B /* StopsViewController.xib in Resources */,
				B995355925DA7F4E004ED524 /* LaunchScreen.storyboard in Resources */,
				B995355625DA7F4E004ED524 /* Assets.xcassets in Resources */,
				B995356725DA85A3004ED524 /* HomeViewController.xib in Resources */,
			);
			runOnlyForDeploymentPostprocessing = 0;
		};
/* End PBXResourcesBuildPhase section */

/* Begin PBXShellScriptBuildPhase section */
		B995356F25DA8C1A004ED524 /* SwiftLint */ = {
			isa = PBXShellScriptBuildPhase;
			buildActionMask = 2147483647;
			files = (
			);
			inputFileListPaths = (
			);
			inputPaths = (
			);
			name = SwiftLint;
			outputFileListPaths = (
			);
			outputPaths = (
			);
			runOnlyForDeploymentPostprocessing = 0;
			shellPath = /bin/sh;
			shellScript = "if which swiftlint >/dev/null; then\n  swiftlint\nelse\n  echo \"warning: SwiftLint not installed, download from https://github.com/realm/SwiftLint\"\nfi\n# Type a script or drag a script file from your workspace to insert its path.\n\n";
		};
		C24A3C9196E101C630CF01B0 /* [CP] Check Pods Manifest.lock */ = {
			isa = PBXShellScriptBuildPhase;
			buildActionMask = 2147483647;
			files = (
			);
			inputFileListPaths = (
			);
			inputPaths = (
				"${PODS_PODFILE_DIR_PATH}/Podfile.lock",
				"${PODS_ROOT}/Manifest.lock",
			);
			name = "[CP] Check Pods Manifest.lock";
			outputFileListPaths = (
			);
			outputPaths = (
				"$(DERIVED_FILE_DIR)/Pods-Septa-checkManifestLockResult.txt",
			);
			runOnlyForDeploymentPostprocessing = 0;
			shellPath = /bin/sh;
			shellScript = "diff \"${PODS_PODFILE_DIR_PATH}/Podfile.lock\" \"${PODS_ROOT}/Manifest.lock\" > /dev/null\nif [ $? != 0 ] ; then\n    # print error to STDERR\n    echo \"error: The sandbox is not in sync with the Podfile.lock. Run 'pod install' or update your CocoaPods installation.\" >&2\n    exit 1\nfi\n# This output is used by Xcode 'outputs' to avoid re-running this script phase.\necho \"SUCCESS\" > \"${SCRIPT_OUTPUT_FILE_0}\"\n";
			showEnvVarsInLog = 0;
		};
		C647685C764D3A7AA08773A7 /* [CP] Embed Pods Frameworks */ = {
			isa = PBXShellScriptBuildPhase;
			buildActionMask = 2147483647;
			files = (
			);
			inputFileListPaths = (
				"${PODS_ROOT}/Target Support Files/Pods-Septa/Pods-Septa-frameworks-${CONFIGURATION}-input-files.xcfilelist",
			);
			name = "[CP] Embed Pods Frameworks";
			outputFileListPaths = (
				"${PODS_ROOT}/Target Support Files/Pods-Septa/Pods-Septa-frameworks-${CONFIGURATION}-output-files.xcfilelist",
			);
			runOnlyForDeploymentPostprocessing = 0;
			shellPath = /bin/sh;
			shellScript = "\"${PODS_ROOT}/Target Support Files/Pods-Septa/Pods-Septa-frameworks.sh\"\n";
			showEnvVarsInLog = 0;
		};
/* End PBXShellScriptBuildPhase section */

/* Begin PBXSourcesBuildPhase section */
		B995354525DA7F4B004ED524 /* Sources */ = {
			isa = PBXSourcesBuildPhase;
			buildActionMask = 2147483647;
			files = (
				B92C744B25DE64730033512B /* StopViewModel.swift in Sources */,
				B92C743925DE569B0033512B /* AppCoordinator.swift in Sources */,
				B995355125DA7F4B004ED524 /* HomeViewController.swift in Sources */,
				B970123625DD1BE000E3BCA8 /* HomeViewModel.swift in Sources */,
				B92C743525DE56480033512B /* Coordinator.swift in Sources */,
				B92C743E25DE5AF10033512B /* StopsViewController.swift in Sources */,
				B92C743225DE56390033512B /* HomeCoordinator.swift in Sources */,
				B970125925DD2FDB00E3BCA8 /* LocationViewModel.swift in Sources */,
				B995354D25DA7F4B004ED524 /* AppDelegate.swift in Sources */,
				B92C744825DE64060033512B /* Stops.swift in Sources */,
				B995357C25DD0F9C004ED524 /* NetworkManager.swift in Sources */,
				B92C744525DE5C890033512B /* StopsViewModel.swift in Sources */,
				B995357725DD0507004ED524 /* Location.swift in Sources */,
				B995354F25DA7F4B004ED524 /* SceneDelegate.swift in Sources */,
				B92C744225DE5C700033512B /* StopsCoordinator.swift in Sources */,
			);
			runOnlyForDeploymentPostprocessing = 0;
		};
/* End PBXSourcesBuildPhase section */

/* Begin PBXVariantGroup section */
		B995355725DA7F4E004ED524 /* LaunchScreen.storyboard */ = {
			isa = PBXVariantGroup;
			children = (
				B995355825DA7F4E004ED524 /* Base */,
			);
			name = LaunchScreen.storyboard;
			sourceTree = "<group>";
		};
/* End PBXVariantGroup section */

/* Begin XCBuildConfiguration section */
		B995355B25DA7F4E004ED524 /* Debug */ = {
			isa = XCBuildConfiguration;
			buildSettings = {
				ALWAYS_SEARCH_USER_PATHS = NO;
				CLANG_ANALYZER_NONNULL = YES;
				CLANG_ANALYZER_NUMBER_OBJECT_CONVERSION = YES_AGGRESSIVE;
				CLANG_CXX_LANGUAGE_STANDARD = "gnu++14";
				CLANG_CXX_LIBRARY = "libc++";
				CLANG_ENABLE_MODULES = YES;
				CLANG_ENABLE_OBJC_ARC = YES;
				CLANG_ENABLE_OBJC_WEAK = YES;
				CLANG_WARN_BLOCK_CAPTURE_AUTORELEASING = YES;
				CLANG_WARN_BOOL_CONVERSION = YES;
				CLANG_WARN_COMMA = YES;
				CLANG_WARN_CONSTANT_CONVERSION = YES;
				CLANG_WARN_DEPRECATED_OBJC_IMPLEMENTATIONS = YES;
				CLANG_WARN_DIRECT_OBJC_ISA_USAGE = YES_ERROR;
				CLANG_WARN_DOCUMENTATION_COMMENTS = YES;
				CLANG_WARN_EMPTY_BODY = YES;
				CLANG_WARN_ENUM_CONVERSION = YES;
				CLANG_WARN_INFINITE_RECURSION = YES;
				CLANG_WARN_INT_CONVERSION = YES;
				CLANG_WARN_NON_LITERAL_NULL_CONVERSION = YES;
				CLANG_WARN_OBJC_IMPLICIT_RETAIN_SELF = YES;
				CLANG_WARN_OBJC_LITERAL_CONVERSION = YES;
				CLANG_WARN_OBJC_ROOT_CLASS = YES_ERROR;
				CLANG_WARN_QUOTED_INCLUDE_IN_FRAMEWORK_HEADER = YES;
				CLANG_WARN_RANGE_LOOP_ANALYSIS = YES;
				CLANG_WARN_STRICT_PROTOTYPES = YES;
				CLANG_WARN_SUSPICIOUS_MOVE = YES;
				CLANG_WARN_UNGUARDED_AVAILABILITY = YES_AGGRESSIVE;
				CLANG_WARN_UNREACHABLE_CODE = YES;
				CLANG_WARN__DUPLICATE_METHOD_MATCH = YES;
				COPY_PHASE_STRIP = NO;
				DEBUG_INFORMATION_FORMAT = dwarf;
				ENABLE_STRICT_OBJC_MSGSEND = YES;
				ENABLE_TESTABILITY = YES;
				GCC_C_LANGUAGE_STANDARD = gnu11;
				GCC_DYNAMIC_NO_PIC = NO;
				GCC_NO_COMMON_BLOCKS = YES;
				GCC_OPTIMIZATION_LEVEL = 0;
				GCC_PREPROCESSOR_DEFINITIONS = (
					"DEBUG=1",
					"$(inherited)",
				);
				GCC_WARN_64_TO_32_BIT_CONVERSION = YES;
				GCC_WARN_ABOUT_RETURN_TYPE = YES_ERROR;
				GCC_WARN_UNDECLARED_SELECTOR = YES;
				GCC_WARN_UNINITIALIZED_AUTOS = YES_AGGRESSIVE;
				GCC_WARN_UNUSED_FUNCTION = YES;
				GCC_WARN_UNUSED_VARIABLE = YES;
				IPHONEOS_DEPLOYMENT_TARGET = 14.4;
				MTL_ENABLE_DEBUG_INFO = INCLUDE_SOURCE;
				MTL_FAST_MATH = YES;
				ONLY_ACTIVE_ARCH = YES;
				SDKROOT = iphoneos;
				SWIFT_ACTIVE_COMPILATION_CONDITIONS = DEBUG;
				SWIFT_OPTIMIZATION_LEVEL = "-Onone";
			};
			name = Debug;
		};
		B995355C25DA7F4E004ED524 /* Release */ = {
			isa = XCBuildConfiguration;
			buildSettings = {
				ALWAYS_SEARCH_USER_PATHS = NO;
				CLANG_ANALYZER_NONNULL = YES;
				CLANG_ANALYZER_NUMBER_OBJECT_CONVERSION = YES_AGGRESSIVE;
				CLANG_CXX_LANGUAGE_STANDARD = "gnu++14";
				CLANG_CXX_LIBRARY = "libc++";
				CLANG_ENABLE_MODULES = YES;
				CLANG_ENABLE_OBJC_ARC = YES;
				CLANG_ENABLE_OBJC_WEAK = YES;
				CLANG_WARN_BLOCK_CAPTURE_AUTORELEASING = YES;
				CLANG_WARN_BOOL_CONVERSION = YES;
				CLANG_WARN_COMMA = YES;
				CLANG_WARN_CONSTANT_CONVERSION = YES;
				CLANG_WARN_DEPRECATED_OBJC_IMPLEMENTATIONS = YES;
				CLANG_WARN_DIRECT_OBJC_ISA_USAGE = YES_ERROR;
				CLANG_WARN_DOCUMENTATION_COMMENTS = YES;
				CLANG_WARN_EMPTY_BODY = YES;
				CLANG_WARN_ENUM_CONVERSION = YES;
				CLANG_WARN_INFINITE_RECURSION = YES;
				CLANG_WARN_INT_CONVERSION = YES;
				CLANG_WARN_NON_LITERAL_NULL_CONVERSION = YES;
				CLANG_WARN_OBJC_IMPLICIT_RETAIN_SELF = YES;
				CLANG_WARN_OBJC_LITERAL_CONVERSION = YES;
				CLANG_WARN_OBJC_ROOT_CLASS = YES_ERROR;
				CLANG_WARN_QUOTED_INCLUDE_IN_FRAMEWORK_HEADER = YES;
				CLANG_WARN_RANGE_LOOP_ANALYSIS = YES;
				CLANG_WARN_STRICT_PROTOTYPES = YES;
				CLANG_WARN_SUSPICIOUS_MOVE = YES;
				CLANG_WARN_UNGUARDED_AVAILABILITY = YES_AGGRESSIVE;
				CLANG_WARN_UNREACHABLE_CODE = YES;
				CLANG_WARN__DUPLICATE_METHOD_MATCH = YES;
				COPY_PHASE_STRIP = NO;
				DEBUG_INFORMATION_FORMAT = "dwarf-with-dsym";
				ENABLE_NS_ASSERTIONS = NO;
				ENABLE_STRICT_OBJC_MSGSEND = YES;
				GCC_C_LANGUAGE_STANDARD = gnu11;
				GCC_NO_COMMON_BLOCKS = YES;
				GCC_WARN_64_TO_32_BIT_CONVERSION = YES;
				GCC_WARN_ABOUT_RETURN_TYPE = YES_ERROR;
				GCC_WARN_UNDECLARED_SELECTOR = YES;
				GCC_WARN_UNINITIALIZED_AUTOS = YES_AGGRESSIVE;
				GCC_WARN_UNUSED_FUNCTION = YES;
				GCC_WARN_UNUSED_VARIABLE = YES;
				IPHONEOS_DEPLOYMENT_TARGET = 14.4;
				MTL_ENABLE_DEBUG_INFO = NO;
				MTL_FAST_MATH = YES;
				SDKROOT = iphoneos;
				SWIFT_COMPILATION_MODE = wholemodule;
				SWIFT_OPTIMIZATION_LEVEL = "-O";
				VALIDATE_PRODUCT = YES;
			};
			name = Release;
		};
		B995355E25DA7F4E004ED524 /* Debug */ = {
			isa = XCBuildConfiguration;
			baseConfigurationReference = 45ED75305EE91F5D370760A1 /* Pods-Septa.debug.xcconfig */;
			buildSettings = {
				ASSETCATALOG_COMPILER_APPICON_NAME = AppIcon;
				ASSETCATALOG_COMPILER_GLOBAL_ACCENT_COLOR_NAME = AccentColor;
				CODE_SIGN_STYLE = Automatic;
				INFOPLIST_FILE = Septa/Application/Info.plist;
				LD_RUNPATH_SEARCH_PATHS = (
					"$(inherited)",
					"@executable_path/Frameworks",
				);
				PRODUCT_BUNDLE_IDENTIFIER = it.barberi.srl.Septa;
				PRODUCT_NAME = "$(TARGET_NAME)";
				SWIFT_VERSION = 5.0;
				TARGETED_DEVICE_FAMILY = "1,2";
			};
			name = Debug;
		};
		B995355F25DA7F4E004ED524 /* Release */ = {
			isa = XCBuildConfiguration;
			baseConfigurationReference = 08E2281BC47F3EF18E142827 /* Pods-Septa.release.xcconfig */;
			buildSettings = {
				ASSETCATALOG_COMPILER_APPICON_NAME = AppIcon;
				ASSETCATALOG_COMPILER_GLOBAL_ACCENT_COLOR_NAME = AccentColor;
				CODE_SIGN_STYLE = Automatic;
				INFOPLIST_FILE = Septa/Application/Info.plist;
				LD_RUNPATH_SEARCH_PATHS = (
					"$(inherited)",
					"@executable_path/Frameworks",
				);
				PRODUCT_BUNDLE_IDENTIFIER = it.barberi.srl.Septa;
				PRODUCT_NAME = "$(TARGET_NAME)";
				SWIFT_VERSION = 5.0;
				TARGETED_DEVICE_FAMILY = "1,2";
			};
			name = Release;
		};
/* End XCBuildConfiguration section */

/* Begin XCConfigurationList section */
		B995354425DA7F4B004ED524 /* Build configuration list for PBXProject "Septa" */ = {
			isa = XCConfigurationList;
			buildConfigurations = (
				B995355B25DA7F4E004ED524 /* Debug */,
				B995355C25DA7F4E004ED524 /* Release */,
			);
			defaultConfigurationIsVisible = 0;
			defaultConfigurationName = Release;
		};
		B995355D25DA7F4E004ED524 /* Build configuration list for PBXNativeTarget "Septa" */ = {
			isa = XCConfigurationList;
			buildConfigurations = (
				B995355E25DA7F4E004ED524 /* Debug */,
				B995355F25DA7F4E004ED524 /* Release */,
			);
			defaultConfigurationIsVisible = 0;
			defaultConfigurationName = Release;
		};
/* End XCConfigurationList section */
	};
	rootObject = B995354125DA7F4B004ED524 /* Project object */;
}
