// !$*UTF8*$!
{
	archiveVersion = 1;
	classes = {
	};
	objectVersion = 51;
	objects = {

/* Begin PBXBuildFile section */
		B915E1C32609E056001E2FAD /* JobViewData.swift in Sources */ = {isa = PBXBuildFile; fileRef = B915E1C22609E056001E2FAD /* JobViewData.swift */; };
		B915E1C72609E5C4001E2FAD /* NetworkManager.swift in Sources */ = {isa = PBXBuildFile; fileRef = B915E1C62609E5C4001E2FAD /* NetworkManager.swift */; };
		B915E1CA2609E68B001E2FAD /* Services.swift in Sources */ = {isa = PBXBuildFile; fileRef = B915E1C92609E68B001E2FAD /* Services.swift */; };
		B915E1CE2609EA15001E2FAD /* ApiServices.swift in Sources */ = {isa = PBXBuildFile; fileRef = B915E1CD2609EA15001E2FAD /* ApiServices.swift */; };
		B915E257260A56E0001E2FAD /* Filter.swift in Sources */ = {isa = PBXBuildFile; fileRef = B915E256260A56E0001E2FAD /* Filter.swift */; };
		B915E2932611BA15001E2FAD /* SearchViewController.swift in Sources */ = {isa = PBXBuildFile; fileRef = B915E2912611BA15001E2FAD /* SearchViewController.swift */; };
		B915E2942611BA15001E2FAD /* SearchViewController.xib in Resources */ = {isa = PBXBuildFile; fileRef = B915E2922611BA15001E2FAD /* SearchViewController.xib */; };
		B927EC3D2608FA950089B5F2 /* Layout.swift in Sources */ = {isa = PBXBuildFile; fileRef = B927EC3C2608FA950089B5F2 /* Layout.swift */; };
		B927EC422608FB530089B5F2 /* UIView+Pin.swift in Sources */ = {isa = PBXBuildFile; fileRef = B927EC412608FB530089B5F2 /* UIView+Pin.swift */; };
		B927EC47260901ED0089B5F2 /* Job.swift in Sources */ = {isa = PBXBuildFile; fileRef = B927EC46260901ED0089B5F2 /* Job.swift */; };
		B927EC4B260906A20089B5F2 /* Reusable.swift in Sources */ = {isa = PBXBuildFile; fileRef = B927EC4A260906A20089B5F2 /* Reusable.swift */; };
		B927EC54260908000089B5F2 /* ListCollectionViewCell.swift in Sources */ = {isa = PBXBuildFile; fileRef = B927EC52260908000089B5F2 /* ListCollectionViewCell.swift */; };
		B927EC55260908000089B5F2 /* ListCollectionViewCell.xib in Resources */ = {isa = PBXBuildFile; fileRef = B927EC53260908000089B5F2 /* ListCollectionViewCell.xib */; };
		B927EC5B260908210089B5F2 /* CardCollectionViewCell.swift in Sources */ = {isa = PBXBuildFile; fileRef = B927EC59260908210089B5F2 /* CardCollectionViewCell.swift */; };
		B927EC5C260908210089B5F2 /* CardCollectionViewCell.xib in Resources */ = {isa = PBXBuildFile; fileRef = B927EC5A260908210089B5F2 /* CardCollectionViewCell.xib */; };
		B975A2DE260741BE00C29A8E /* AppDelegate.swift in Sources */ = {isa = PBXBuildFile; fileRef = B975A2DD260741BE00C29A8E /* AppDelegate.swift */; };
		B975A2E0260741BE00C29A8E /* SceneDelegate.swift in Sources */ = {isa = PBXBuildFile; fileRef = B975A2DF260741BE00C29A8E /* SceneDelegate.swift */; };
		B975A2E2260741BE00C29A8E /* HomeViewController.swift in Sources */ = {isa = PBXBuildFile; fileRef = B975A2E1260741BE00C29A8E /* HomeViewController.swift */; };
		B975A2E7260741CC00C29A8E /* Assets.xcassets in Resources */ = {isa = PBXBuildFile; fileRef = B975A2E6260741CC00C29A8E /* Assets.xcassets */; };
		B975A2EA260741CC00C29A8E /* LaunchScreen.storyboard in Resources */ = {isa = PBXBuildFile; fileRef = B975A2E8260741CC00C29A8E /* LaunchScreen.storyboard */; };
		B975A2FB260746FA00C29A8E /* HomeViewController.xib in Resources */ = {isa = PBXBuildFile; fileRef = B975A2FA260746FA00C29A8E /* HomeViewController.xib */; };
		B975A33926088E7100C29A8E /* Coordinator.swift in Sources */ = {isa = PBXBuildFile; fileRef = B975A33826088E7000C29A8E /* Coordinator.swift */; };
		B975A33C26088EA700C29A8E /* AppCoordinator.swift in Sources */ = {isa = PBXBuildFile; fileRef = B975A33B26088EA700C29A8E /* AppCoordinator.swift */; };
		B975A33F2608900C00C29A8E /* HomeCoordinator.swift in Sources */ = {isa = PBXBuildFile; fileRef = B975A33E2608900C00C29A8E /* HomeCoordinator.swift */; };
		B975A347260894E100C29A8E /* FiltersView.swift in Sources */ = {isa = PBXBuildFile; fileRef = B975A346260894E100C29A8E /* FiltersView.swift */; };
		B975A34C2608F1A400C29A8E /* HomeViewModel.swift in Sources */ = {isa = PBXBuildFile; fileRef = B975A34B2608F1A300C29A8E /* HomeViewModel.swift */; };
		F6CFB75B8C072287FC73A66B /* Pods_UsaJobs.framework in Frameworks */ = {isa = PBXBuildFile; fileRef = 17513F10306B065FDAA4CB3D /* Pods_UsaJobs.framework */; };
/* End PBXBuildFile section */

/* Begin PBXFileReference section */
		02BBFC314027BBA4858E351C /* Pods-UsaJobs.debug.xcconfig */ = {isa = PBXFileReference; includeInIndex = 1; lastKnownFileType = text.xcconfig; name = "Pods-UsaJobs.debug.xcconfig"; path = "Target Support Files/Pods-UsaJobs/Pods-UsaJobs.debug.xcconfig"; sourceTree = "<group>"; };
		0AD5ACB84DCDEE9D48E967FB /* Pods-UsaJobs.release.xcconfig */ = {isa = PBXFileReference; includeInIndex = 1; lastKnownFileType = text.xcconfig; name = "Pods-UsaJobs.release.xcconfig"; path = "Target Support Files/Pods-UsaJobs/Pods-UsaJobs.release.xcconfig"; sourceTree = "<group>"; };
		17513F10306B065FDAA4CB3D /* Pods_UsaJobs.framework */ = {isa = PBXFileReference; explicitFileType = wrapper.framework; includeInIndex = 0; path = Pods_UsaJobs.framework; sourceTree = BUILT_PRODUCTS_DIR; };
		B915E1C22609E056001E2FAD /* JobViewData.swift */ = {isa = PBXFileReference; lastKnownFileType = sourcecode.swift; path = JobViewData.swift; sourceTree = "<group>"; };
		B915E1C62609E5C4001E2FAD /* NetworkManager.swift */ = {isa = PBXFileReference; lastKnownFileType = sourcecode.swift; path = NetworkManager.swift; sourceTree = "<group>"; };
		B915E1C92609E68B001E2FAD /* Services.swift */ = {isa = PBXFileReference; lastKnownFileType = sourcecode.swift; path = Services.swift; sourceTree = "<group>"; };
		B915E1CD2609EA15001E2FAD /* ApiServices.swift */ = {isa = PBXFileReference; lastKnownFileType = sourcecode.swift; path = ApiServices.swift; sourceTree = "<group>"; };
		B915E256260A56E0001E2FAD /* Filter.swift */ = {isa = PBXFileReference; lastKnownFileType = sourcecode.swift; path = Filter.swift; sourceTree = "<group>"; };
		B915E2912611BA15001E2FAD /* SearchViewController.swift */ = {isa = PBXFileReference; lastKnownFileType = sourcecode.swift; path = SearchViewController.swift; sourceTree = "<group>"; };
		B915E2922611BA15001E2FAD /* SearchViewController.xib */ = {isa = PBXFileReference; lastKnownFileType = file.xib; path = SearchViewController.xib; sourceTree = "<group>"; };
		B927EC3C2608FA950089B5F2 /* Layout.swift */ = {isa = PBXFileReference; lastKnownFileType = sourcecode.swift; path = Layout.swift; sourceTree = "<group>"; };
		B927EC412608FB530089B5F2 /* UIView+Pin.swift */ = {isa = PBXFileReference; lastKnownFileType = sourcecode.swift; path = "UIView+Pin.swift"; sourceTree = "<group>"; };
		B927EC46260901ED0089B5F2 /* Job.swift */ = {isa = PBXFileReference; lastKnownFileType = sourcecode.swift; path = Job.swift; sourceTree = "<group>"; };
		B927EC4A260906A20089B5F2 /* Reusable.swift */ = {isa = PBXFileReference; lastKnownFileType = sourcecode.swift; path = Reusable.swift; sourceTree = "<group>"; };
		B927EC52260908000089B5F2 /* ListCollectionViewCell.swift */ = {isa = PBXFileReference; lastKnownFileType = sourcecode.swift; path = ListCollectionViewCell.swift; sourceTree = "<group>"; };
		B927EC53260908000089B5F2 /* ListCollectionViewCell.xib */ = {isa = PBXFileReference; lastKnownFileType = file.xib; path = ListCollectionViewCell.xib; sourceTree = "<group>"; };
		B927EC59260908210089B5F2 /* CardCollectionViewCell.swift */ = {isa = PBXFileReference; lastKnownFileType = sourcecode.swift; path = CardCollectionViewCell.swift; sourceTree = "<group>"; };
		B927EC5A260908210089B5F2 /* CardCollectionViewCell.xib */ = {isa = PBXFileReference; lastKnownFileType = file.xib; path = CardCollectionViewCell.xib; sourceTree = "<group>"; };
		B975A2DA260741BE00C29A8E /* UsaJobs.app */ = {isa = PBXFileReference; explicitFileType = wrapper.application; includeInIndex = 0; path = UsaJobs.app; sourceTree = BUILT_PRODUCTS_DIR; };
		B975A2DD260741BE00C29A8E /* AppDelegate.swift */ = {isa = PBXFileReference; lastKnownFileType = sourcecode.swift; path = AppDelegate.swift; sourceTree = "<group>"; };
		B975A2DF260741BE00C29A8E /* SceneDelegate.swift */ = {isa = PBXFileReference; lastKnownFileType = sourcecode.swift; path = SceneDelegate.swift; sourceTree = "<group>"; };
		B975A2E1260741BE00C29A8E /* HomeViewController.swift */ = {isa = PBXFileReference; lastKnownFileType = sourcecode.swift; path = HomeViewController.swift; sourceTree = "<group>"; };
		B975A2E6260741CC00C29A8E /* Assets.xcassets */ = {isa = PBXFileReference; lastKnownFileType = folder.assetcatalog; path = Assets.xcassets; sourceTree = "<group>"; };
		B975A2E9260741CC00C29A8E /* Base */ = {isa = PBXFileReference; lastKnownFileType = file.storyboard; name = Base; path = Base.lproj/LaunchScreen.storyboard; sourceTree = "<group>"; };
		B975A2EB260741CC00C29A8E /* Info.plist */ = {isa = PBXFileReference; lastKnownFileType = text.plist.xml; path = Info.plist; sourceTree = "<group>"; };
		B975A2FA260746FA00C29A8E /* HomeViewController.xib */ = {isa = PBXFileReference; lastKnownFileType = file.xib; path = HomeViewController.xib; sourceTree = "<group>"; };
		B975A33826088E7000C29A8E /* Coordinator.swift */ = {isa = PBXFileReference; lastKnownFileType = sourcecode.swift; path = Coordinator.swift; sourceTree = "<group>"; };
		B975A33B26088EA700C29A8E /* AppCoordinator.swift */ = {isa = PBXFileReference; lastKnownFileType = sourcecode.swift; path = AppCoordinator.swift; sourceTree = "<group>"; };
		B975A33E2608900C00C29A8E /* HomeCoordinator.swift */ = {isa = PBXFileReference; lastKnownFileType = sourcecode.swift; path = HomeCoordinator.swift; sourceTree = "<group>"; };
		B975A346260894E100C29A8E /* FiltersView.swift */ = {isa = PBXFileReference; lastKnownFileType = sourcecode.swift; path = FiltersView.swift; sourceTree = "<group>"; };
		B975A34B2608F1A300C29A8E /* HomeViewModel.swift */ = {isa = PBXFileReference; lastKnownFileType = sourcecode.swift; path = HomeViewModel.swift; sourceTree = "<group>"; };
/* End PBXFileReference section */

/* Begin PBXFrameworksBuildPhase section */
		B975A2D7260741BE00C29A8E /* Frameworks */ = {
			isa = PBXFrameworksBuildPhase;
			buildActionMask = 2147483647;
			files = (
				F6CFB75B8C072287FC73A66B /* Pods_UsaJobs.framework in Frameworks */,
			);
			runOnlyForDeploymentPostprocessing = 0;
		};
/* End PBXFrameworksBuildPhase section */

/* Begin PBXGroup section */
		8797D08499B9167551EC5C48 /* Frameworks */ = {
			isa = PBXGroup;
			children = (
				17513F10306B065FDAA4CB3D /* Pods_UsaJobs.framework */,
			);
			name = Frameworks;
			sourceTree = "<group>";
		};
		B915E1C12609E02F001E2FAD /* ViewData */ = {
			isa = PBXGroup;
			children = (
				B915E1C22609E056001E2FAD /* JobViewData.swift */,
			);
			path = ViewData;
			sourceTree = "<group>";
		};
		B915E1CC2609E73F001E2FAD /* Services */ = {
			isa = PBXGroup;
			children = (
				B915E1CD2609EA15001E2FAD /* ApiServices.swift */,
			);
			path = Services;
			sourceTree = "<group>";
		};
		B915E2902611B9EC001E2FAD /* Search */ = {
			isa = PBXGroup;
			children = (
				B915E2912611BA15001E2FAD /* SearchViewController.swift */,
				B915E2922611BA15001E2FAD /* SearchViewController.xib */,
			);
			path = Search;
			sourceTree = "<group>";
		};
		B927EC3B2608FA850089B5F2 /* Utilities */ = {
			isa = PBXGroup;
			children = (
				B927EC3C2608FA950089B5F2 /* Layout.swift */,
				B915E1C62609E5C4001E2FAD /* NetworkManager.swift */,
			);
			path = Utilities;
			sourceTree = "<group>";
		};
		B927EC402608FB2A0089B5F2 /* Extensions */ = {
			isa = PBXGroup;
			children = (
				B927EC412608FB530089B5F2 /* UIView+Pin.swift */,
			);
			path = Extensions;
			sourceTree = "<group>";
		};
		B927EC45260901DA0089B5F2 /* Models */ = {
			isa = PBXGroup;
			children = (
				B927EC46260901ED0089B5F2 /* Job.swift */,
				B915E256260A56E0001E2FAD /* Filter.swift */,
			);
			path = Models;
			sourceTree = "<group>";
		};
		B927EC49260906950089B5F2 /* Protocols */ = {
			isa = PBXGroup;
			children = (
				B927EC4A260906A20089B5F2 /* Reusable.swift */,
				B915E1C92609E68B001E2FAD /* Services.swift */,
			);
			path = Protocols;
			sourceTree = "<group>";
		};
		B927EC50260907C90089B5F2 /* Cells */ = {
			isa = PBXGroup;
			children = (
				B927EC582609080F0089B5F2 /* JobCard */,
				B927EC51260907D00089B5F2 /* JobList */,
			);
			path = Cells;
			sourceTree = "<group>";
		};
		B927EC51260907D00089B5F2 /* JobList */ = {
			isa = PBXGroup;
			children = (
				B927EC52260908000089B5F2 /* ListCollectionViewCell.swift */,
				B927EC53260908000089B5F2 /* ListCollectionViewCell.xib */,
			);
			path = JobList;
			sourceTree = "<group>";
		};
		B927EC582609080F0089B5F2 /* JobCard */ = {
			isa = PBXGroup;
			children = (
				B927EC59260908210089B5F2 /* CardCollectionViewCell.swift */,
				B927EC5A260908210089B5F2 /* CardCollectionViewCell.xib */,
			);
			path = JobCard;
			sourceTree = "<group>";
		};
		B92AB31A261311C50079A727 /* Detail */ = {
			isa = PBXGroup;
			children = (
			);
			path = Detail;
			sourceTree = "<group>";
		};
		B975A2D1260741BD00C29A8E = {
			isa = PBXGroup;
			children = (
				B975A2DC260741BE00C29A8E /* UsaJobs */,
				B975A2DB260741BE00C29A8E /* Products */,
				E860747A5F4D0AEB23BAB0BF /* Pods */,
				8797D08499B9167551EC5C48 /* Frameworks */,
			);
			sourceTree = "<group>";
		};
		B975A2DB260741BE00C29A8E /* Products */ = {
			isa = PBXGroup;
			children = (
				B975A2DA260741BE00C29A8E /* UsaJobs.app */,
			);
			name = Products;
			sourceTree = "<group>";
		};
		B975A2DC260741BE00C29A8E /* UsaJobs */ = {
			isa = PBXGroup;
			children = (
				B915E1C12609E02F001E2FAD /* ViewData */,
				B975A2F4260745C000C29A8E /* Application */,
				B975A33726088E5F00C29A8E /* Coordinator */,
				B927EC402608FB2A0089B5F2 /* Extensions */,
				B927EC45260901DA0089B5F2 /* Models */,
				B927EC49260906950089B5F2 /* Protocols */,
				B975A2F2260745AF00C29A8E /* Resources */,
				B975A2F3260745B700C29A8E /* Scene */,
				B915E1CC2609E73F001E2FAD /* Services */,
				B975A2F5260745DD00C29A8E /* Storyboards */,
				B927EC3B2608FA850089B5F2 /* Utilities */,
				B975A345260894C900C29A8E /* Views */,
			);
			path = UsaJobs;
			sourceTree = "<group>";
		};
		B975A2F2260745AF00C29A8E /* Resources */ = {
			isa = PBXGroup;
			children = (
				B975A2E6260741CC00C29A8E /* Assets.xcassets */,
			);
			path = Resources;
			sourceTree = "<group>";
		};
		B975A2F3260745B700C29A8E /* Scene */ = {
			isa = PBXGroup;
			children = (
				B92AB31A261311C50079A727 /* Detail */,
				B915E2902611B9EC001E2FAD /* Search */,
				B975A2F6260745F600C29A8E /* Home */,
			);
			path = Scene;
			sourceTree = "<group>";
		};
		B975A2F4260745C000C29A8E /* Application */ = {
			isa = PBXGroup;
			children = (
				B975A2EB260741CC00C29A8E /* Info.plist */,
				B975A2DD260741BE00C29A8E /* AppDelegate.swift */,
				B975A2DF260741BE00C29A8E /* SceneDelegate.swift */,
			);
			path = Application;
			sourceTree = "<group>";
		};
		B975A2F5260745DD00C29A8E /* Storyboards */ = {
			isa = PBXGroup;
			children = (
				B975A2E8260741CC00C29A8E /* LaunchScreen.storyboard */,
			);
			path = Storyboards;
			sourceTree = "<group>";
		};
		B975A2F6260745F600C29A8E /* Home */ = {
			isa = PBXGroup;
			children = (
				B927EC50260907C90089B5F2 /* Cells */,
				B975A2E1260741BE00C29A8E /* HomeViewController.swift */,
				B975A2FA260746FA00C29A8E /* HomeViewController.xib */,
				B975A33E2608900C00C29A8E /* HomeCoordinator.swift */,
				B975A34B2608F1A300C29A8E /* HomeViewModel.swift */,
			);
			path = Home;
			sourceTree = "<group>";
		};
		B975A33726088E5F00C29A8E /* Coordinator */ = {
			isa = PBXGroup;
			children = (
				B975A33826088E7000C29A8E /* Coordinator.swift */,
				B975A33B26088EA700C29A8E /* AppCoordinator.swift */,
			);
			path = Coordinator;
			sourceTree = "<group>";
		};
		B975A345260894C900C29A8E /* Views */ = {
			isa = PBXGroup;
			children = (
				B975A346260894E100C29A8E /* FiltersView.swift */,
			);
			path = Views;
			sourceTree = "<group>";
		};
		E860747A5F4D0AEB23BAB0BF /* Pods */ = {
			isa = PBXGroup;
			children = (
				02BBFC314027BBA4858E351C /* Pods-UsaJobs.debug.xcconfig */,
				0AD5ACB84DCDEE9D48E967FB /* Pods-UsaJobs.release.xcconfig */,
			);
			path = Pods;
			sourceTree = "<group>";
		};
/* End PBXGroup section */

/* Begin PBXNativeTarget section */
		B975A2D9260741BE00C29A8E /* UsaJobs */ = {
			isa = PBXNativeTarget;
			buildConfigurationList = B975A2EE260741CC00C29A8E /* Build configuration list for PBXNativeTarget "UsaJobs" */;
			buildPhases = (
				16E21CA99A36130B0325A17C /* [CP] Check Pods Manifest.lock */,
				B975A2FF26074CB800C29A8E /* SwiftLint */,
				B975A2D6260741BE00C29A8E /* Sources */,
				B975A2D7260741BE00C29A8E /* Frameworks */,
				B975A2D8260741BE00C29A8E /* Resources */,
				F5E3B5B1FADF7A1C66A35F7D /* [CP] Embed Pods Frameworks */,
			);
			buildRules = (
			);
			dependencies = (
			);
			name = UsaJobs;
			productName = UsaJobs;
			productReference = B975A2DA260741BE00C29A8E /* UsaJobs.app */;
			productType = "com.apple.product-type.application";
		};
/* End PBXNativeTarget section */

/* Begin PBXProject section */
		B975A2D2260741BD00C29A8E /* Project object */ = {
			isa = PBXProject;
			attributes = {
				LastSwiftUpdateCheck = 1240;
				LastUpgradeCheck = 1240;
				TargetAttributes = {
					B975A2D9260741BE00C29A8E = {
						CreatedOnToolsVersion = 12.4;
					};
				};
			};
			buildConfigurationList = B975A2D5260741BD00C29A8E /* Build configuration list for PBXProject "UsaJobs" */;
			compatibilityVersion = "Xcode 9.3";
			developmentRegion = en;
			hasScannedForEncodings = 0;
			knownRegions = (
				en,
				Base,
			);
			mainGroup = B975A2D1260741BD00C29A8E;
			productRefGroup = B975A2DB260741BE00C29A8E /* Products */;
			projectDirPath = "";
			projectRoot = "";
			targets = (
				B975A2D9260741BE00C29A8E /* UsaJobs */,
			);
		};
/* End PBXProject section */

/* Begin PBXResourcesBuildPhase section */
		B975A2D8260741BE00C29A8E /* Resources */ = {
			isa = PBXResourcesBuildPhase;
			buildActionMask = 2147483647;
			files = (
				B975A2EA260741CC00C29A8E /* LaunchScreen.storyboard in Resources */,
				B927EC5C260908210089B5F2 /* CardCollectionViewCell.xib in Resources */,
				B915E2942611BA15001E2FAD /* SearchViewController.xib in Resources */,
				B975A2E7260741CC00C29A8E /* Assets.xcassets in Resources */,
				B927EC55260908000089B5F2 /* ListCollectionViewCell.xib in Resources */,
				B975A2FB260746FA00C29A8E /* HomeViewController.xib in Resources */,
			);
			runOnlyForDeploymentPostprocessing = 0;
		};
/* End PBXResourcesBuildPhase section */

/* Begin PBXShellScriptBuildPhase section */
		16E21CA99A36130B0325A17C /* [CP] Check Pods Manifest.lock */ = {
			isa = PBXShellScriptBuildPhase;
			buildActionMask = 2147483647;
			files = (
			);
			inputFileListPaths = (
			);
			inputPaths = (
				"${PODS_PODFILE_DIR_PATH}/Podfile.lock",
				"${PODS_ROOT}/Manifest.lock",
			);
			name = "[CP] Check Pods Manifest.lock";
			outputFileListPaths = (
			);
			outputPaths = (
				"$(DERIVED_FILE_DIR)/Pods-UsaJobs-checkManifestLockResult.txt",
			);
			runOnlyForDeploymentPostprocessing = 0;
			shellPath = /bin/sh;
			shellScript = "diff \"${PODS_PODFILE_DIR_PATH}/Podfile.lock\" \"${PODS_ROOT}/Manifest.lock\" > /dev/null\nif [ $? != 0 ] ; then\n    # print error to STDERR\n    echo \"error: The sandbox is not in sync with the Podfile.lock. Run 'pod install' or update your CocoaPods installation.\" >&2\n    exit 1\nfi\n# This output is used by Xcode 'outputs' to avoid re-running this script phase.\necho \"SUCCESS\" > \"${SCRIPT_OUTPUT_FILE_0}\"\n";
			showEnvVarsInLog = 0;
		};
		B975A2FF26074CB800C29A8E /* SwiftLint */ = {
			isa = PBXShellScriptBuildPhase;
			buildActionMask = 2147483647;
			files = (
			);
			inputFileListPaths = (
			);
			inputPaths = (
			);
			name = SwiftLint;
			outputFileListPaths = (
			);
			outputPaths = (
			);
			runOnlyForDeploymentPostprocessing = 0;
			shellPath = /bin/sh;
			shellScript = "if which swiftlint >/dev/null; then\n  swiftlint\nelse\n  echo \"warning: SwiftLint not installed, download from https://github.com/realm/SwiftLint\"\nfi\n# Type a script or drag a script file from your workspace to insert its path.\n\n";
		};
		F5E3B5B1FADF7A1C66A35F7D /* [CP] Embed Pods Frameworks */ = {
			isa = PBXShellScriptBuildPhase;
			buildActionMask = 2147483647;
			files = (
			);
			inputFileListPaths = (
				"${PODS_ROOT}/Target Support Files/Pods-UsaJobs/Pods-UsaJobs-frameworks-${CONFIGURATION}-input-files.xcfilelist",
			);
			name = "[CP] Embed Pods Frameworks";
			outputFileListPaths = (
				"${PODS_ROOT}/Target Support Files/Pods-UsaJobs/Pods-UsaJobs-frameworks-${CONFIGURATION}-output-files.xcfilelist",
			);
			runOnlyForDeploymentPostprocessing = 0;
			shellPath = /bin/sh;
			shellScript = "\"${PODS_ROOT}/Target Support Files/Pods-UsaJobs/Pods-UsaJobs-frameworks.sh\"\n";
			showEnvVarsInLog = 0;
		};
/* End PBXShellScriptBuildPhase section */

/* Begin PBXSourcesBuildPhase section */
		B975A2D6260741BE00C29A8E /* Sources */ = {
			isa = PBXSourcesBuildPhase;
			buildActionMask = 2147483647;
			files = (
				B915E1CA2609E68B001E2FAD /* Services.swift in Sources */,
				B927EC4B260906A20089B5F2 /* Reusable.swift in Sources */,
				B927EC422608FB530089B5F2 /* UIView+Pin.swift in Sources */,
				B975A33926088E7100C29A8E /* Coordinator.swift in Sources */,
				B975A2E2260741BE00C29A8E /* HomeViewController.swift in Sources */,
				B915E1C72609E5C4001E2FAD /* NetworkManager.swift in Sources */,
				B915E1CE2609EA15001E2FAD /* ApiServices.swift in Sources */,
				B915E1C32609E056001E2FAD /* JobViewData.swift in Sources */,
				B927EC5B260908210089B5F2 /* CardCollectionViewCell.swift in Sources */,
				B975A33C26088EA700C29A8E /* AppCoordinator.swift in Sources */,
				B915E2932611BA15001E2FAD /* SearchViewController.swift in Sources */,
				B975A34C2608F1A400C29A8E /* HomeViewModel.swift in Sources */,
				B975A347260894E100C29A8E /* FiltersView.swift in Sources */,
				B927EC54260908000089B5F2 /* ListCollectionViewCell.swift in Sources */,
				B915E257260A56E0001E2FAD /* Filter.swift in Sources */,
				B927EC3D2608FA950089B5F2 /* Layout.swift in Sources */,
				B927EC47260901ED0089B5F2 /* Job.swift in Sources */,
				B975A2DE260741BE00C29A8E /* AppDelegate.swift in Sources */,
				B975A2E0260741BE00C29A8E /* SceneDelegate.swift in Sources */,
				B975A33F2608900C00C29A8E /* HomeCoordinator.swift in Sources */,
			);
			runOnlyForDeploymentPostprocessing = 0;
		};
/* End PBXSourcesBuildPhase section */

/* Begin PBXVariantGroup section */
		B975A2E8260741CC00C29A8E /* LaunchScreen.storyboard */ = {
			isa = PBXVariantGroup;
			children = (
				B975A2E9260741CC00C29A8E /* Base */,
			);
			name = LaunchScreen.storyboard;
			sourceTree = "<group>";
		};
/* End PBXVariantGroup section */

/* Begin XCBuildConfiguration section */
		B975A2EC260741CC00C29A8E /* Debug */ = {
			isa = XCBuildConfiguration;
			buildSettings = {
				ALWAYS_SEARCH_USER_PATHS = NO;
				CLANG_ANALYZER_NONNULL = YES;
				CLANG_ANALYZER_NUMBER_OBJECT_CONVERSION = YES_AGGRESSIVE;
				CLANG_CXX_LANGUAGE_STANDARD = "gnu++14";
				CLANG_CXX_LIBRARY = "libc++";
				CLANG_ENABLE_MODULES = YES;
				CLANG_ENABLE_OBJC_ARC = YES;
				CLANG_ENABLE_OBJC_WEAK = YES;
				CLANG_WARN_BLOCK_CAPTURE_AUTORELEASING = YES;
				CLANG_WARN_BOOL_CONVERSION = YES;
				CLANG_WARN_COMMA = YES;
				CLANG_WARN_CONSTANT_CONVERSION = YES;
				CLANG_WARN_DEPRECATED_OBJC_IMPLEMENTATIONS = YES;
				CLANG_WARN_DIRECT_OBJC_ISA_USAGE = YES_ERROR;
				CLANG_WARN_DOCUMENTATION_COMMENTS = YES;
				CLANG_WARN_EMPTY_BODY = YES;
				CLANG_WARN_ENUM_CONVERSION = YES;
				CLANG_WARN_INFINITE_RECURSION = YES;
				CLANG_WARN_INT_CONVERSION = YES;
				CLANG_WARN_NON_LITERAL_NULL_CONVERSION = YES;
				CLANG_WARN_OBJC_IMPLICIT_RETAIN_SELF = YES;
				CLANG_WARN_OBJC_LITERAL_CONVERSION = YES;
				CLANG_WARN_OBJC_ROOT_CLASS = YES_ERROR;
				CLANG_WARN_QUOTED_INCLUDE_IN_FRAMEWORK_HEADER = YES;
				CLANG_WARN_RANGE_LOOP_ANALYSIS = YES;
				CLANG_WARN_STRICT_PROTOTYPES = YES;
				CLANG_WARN_SUSPICIOUS_MOVE = YES;
				CLANG_WARN_UNGUARDED_AVAILABILITY = YES_AGGRESSIVE;
				CLANG_WARN_UNREACHABLE_CODE = YES;
				CLANG_WARN__DUPLICATE_METHOD_MATCH = YES;
				COPY_PHASE_STRIP = NO;
				DEBUG_INFORMATION_FORMAT = dwarf;
				ENABLE_STRICT_OBJC_MSGSEND = YES;
				ENABLE_TESTABILITY = YES;
				GCC_C_LANGUAGE_STANDARD = gnu11;
				GCC_DYNAMIC_NO_PIC = NO;
				GCC_NO_COMMON_BLOCKS = YES;
				GCC_OPTIMIZATION_LEVEL = 0;
				GCC_PREPROCESSOR_DEFINITIONS = (
					"DEBUG=1",
					"$(inherited)",
				);
				GCC_WARN_64_TO_32_BIT_CONVERSION = YES;
				GCC_WARN_ABOUT_RETURN_TYPE = YES_ERROR;
				GCC_WARN_UNDECLARED_SELECTOR = YES;
				GCC_WARN_UNINITIALIZED_AUTOS = YES_AGGRESSIVE;
				GCC_WARN_UNUSED_FUNCTION = YES;
				GCC_WARN_UNUSED_VARIABLE = YES;
				IPHONEOS_DEPLOYMENT_TARGET = 14.4;
				MTL_ENABLE_DEBUG_INFO = INCLUDE_SOURCE;
				MTL_FAST_MATH = YES;
				ONLY_ACTIVE_ARCH = YES;
				SDKROOT = iphoneos;
				SWIFT_ACTIVE_COMPILATION_CONDITIONS = DEBUG;
				SWIFT_OPTIMIZATION_LEVEL = "-Onone";
			};
			name = Debug;
		};
		B975A2ED260741CC00C29A8E /* Release */ = {
			isa = XCBuildConfiguration;
			buildSettings = {
				ALWAYS_SEARCH_USER_PATHS = NO;
				CLANG_ANALYZER_NONNULL = YES;
				CLANG_ANALYZER_NUMBER_OBJECT_CONVERSION = YES_AGGRESSIVE;
				CLANG_CXX_LANGUAGE_STANDARD = "gnu++14";
				CLANG_CXX_LIBRARY = "libc++";
				CLANG_ENABLE_MODULES = YES;
				CLANG_ENABLE_OBJC_ARC = YES;
				CLANG_ENABLE_OBJC_WEAK = YES;
				CLANG_WARN_BLOCK_CAPTURE_AUTORELEASING = YES;
				CLANG_WARN_BOOL_CONVERSION = YES;
				CLANG_WARN_COMMA = YES;
				CLANG_WARN_CONSTANT_CONVERSION = YES;
				CLANG_WARN_DEPRECATED_OBJC_IMPLEMENTATIONS = YES;
				CLANG_WARN_DIRECT_OBJC_ISA_USAGE = YES_ERROR;
				CLANG_WARN_DOCUMENTATION_COMMENTS = YES;
				CLANG_WARN_EMPTY_BODY = YES;
				CLANG_WARN_ENUM_CONVERSION = YES;
				CLANG_WARN_INFINITE_RECURSION = YES;
				CLANG_WARN_INT_CONVERSION = YES;
				CLANG_WARN_NON_LITERAL_NULL_CONVERSION = YES;
				CLANG_WARN_OBJC_IMPLICIT_RETAIN_SELF = YES;
				CLANG_WARN_OBJC_LITERAL_CONVERSION = YES;
				CLANG_WARN_OBJC_ROOT_CLASS = YES_ERROR;
				CLANG_WARN_QUOTED_INCLUDE_IN_FRAMEWORK_HEADER = YES;
				CLANG_WARN_RANGE_LOOP_ANALYSIS = YES;
				CLANG_WARN_STRICT_PROTOTYPES = YES;
				CLANG_WARN_SUSPICIOUS_MOVE = YES;
				CLANG_WARN_UNGUARDED_AVAILABILITY = YES_AGGRESSIVE;
				CLANG_WARN_UNREACHABLE_CODE = YES;
				CLANG_WARN__DUPLICATE_METHOD_MATCH = YES;
				COPY_PHASE_STRIP = NO;
				DEBUG_INFORMATION_FORMAT = "dwarf-with-dsym";
				ENABLE_NS_ASSERTIONS = NO;
				ENABLE_STRICT_OBJC_MSGSEND = YES;
				GCC_C_LANGUAGE_STANDARD = gnu11;
				GCC_NO_COMMON_BLOCKS = YES;
				GCC_WARN_64_TO_32_BIT_CONVERSION = YES;
				GCC_WARN_ABOUT_RETURN_TYPE = YES_ERROR;
				GCC_WARN_UNDECLARED_SELECTOR = YES;
				GCC_WARN_UNINITIALIZED_AUTOS = YES_AGGRESSIVE;
				GCC_WARN_UNUSED_FUNCTION = YES;
				GCC_WARN_UNUSED_VARIABLE = YES;
				IPHONEOS_DEPLOYMENT_TARGET = 14.4;
				MTL_ENABLE_DEBUG_INFO = NO;
				MTL_FAST_MATH = YES;
				SDKROOT = iphoneos;
				SWIFT_COMPILATION_MODE = wholemodule;
				SWIFT_OPTIMIZATION_LEVEL = "-O";
				VALIDATE_PRODUCT = YES;
			};
			name = Release;
		};
		B975A2EF260741CC00C29A8E /* Debug */ = {
			isa = XCBuildConfiguration;
			baseConfigurationReference = 02BBFC314027BBA4858E351C /* Pods-UsaJobs.debug.xcconfig */;
			buildSettings = {
				ASSETCATALOG_COMPILER_APPICON_NAME = AppIcon;
				ASSETCATALOG_COMPILER_GLOBAL_ACCENT_COLOR_NAME = AccentColor;
				CODE_SIGN_STYLE = Automatic;
				INFOPLIST_FILE = UsaJobs/Application/Info.plist;
				LD_RUNPATH_SEARCH_PATHS = (
					"$(inherited)",
					"@executable_path/Frameworks",
				);
				PRODUCT_BUNDLE_IDENTIFIER = it.barberi.srl.UsaJobs;
				PRODUCT_NAME = "$(TARGET_NAME)";
				SWIFT_VERSION = 5.0;
				TARGETED_DEVICE_FAMILY = "1,2";
			};
			name = Debug;
		};
		B975A2F0260741CC00C29A8E /* Release */ = {
			isa = XCBuildConfiguration;
			baseConfigurationReference = 0AD5ACB84DCDEE9D48E967FB /* Pods-UsaJobs.release.xcconfig */;
			buildSettings = {
				ASSETCATALOG_COMPILER_APPICON_NAME = AppIcon;
				ASSETCATALOG_COMPILER_GLOBAL_ACCENT_COLOR_NAME = AccentColor;
				CODE_SIGN_STYLE = Automatic;
				INFOPLIST_FILE = UsaJobs/Application/Info.plist;
				LD_RUNPATH_SEARCH_PATHS = (
					"$(inherited)",
					"@executable_path/Frameworks",
				);
				PRODUCT_BUNDLE_IDENTIFIER = it.barberi.srl.UsaJobs;
				PRODUCT_NAME = "$(TARGET_NAME)";
				SWIFT_VERSION = 5.0;
				TARGETED_DEVICE_FAMILY = "1,2";
			};
			name = Release;
		};
/* End XCBuildConfiguration section */

/* Begin XCConfigurationList section */
		B975A2D5260741BD00C29A8E /* Build configuration list for PBXProject "UsaJobs" */ = {
			isa = XCConfigurationList;
			buildConfigurations = (
				B975A2EC260741CC00C29A8E /* Debug */,
				B975A2ED260741CC00C29A8E /* Release */,
			);
			defaultConfigurationIsVisible = 0;
			defaultConfigurationName = Release;
		};
		B975A2EE260741CC00C29A8E /* Build configuration list for PBXNativeTarget "UsaJobs" */ = {
			isa = XCConfigurationList;
			buildConfigurations = (
				B975A2EF260741CC00C29A8E /* Debug */,
				B975A2F0260741CC00C29A8E /* Release */,
			);
			defaultConfigurationIsVisible = 0;
			defaultConfigurationName = Release;
		};
/* End XCConfigurationList section */
	};
	rootObject = B975A2D2260741BD00C29A8E /* Project object */;
}
