// !$*UTF8*$!
{
	archiveVersion = 1;
	classes = {
	};
	objectVersion = 51;
	objects = {

/* Begin PBXBuildFile section */
		B93E886425D68AEE0006D9C6 /* Album.swift in Sources */ = {isa = PBXBuildFile; fileRef = B93E886325D68AEE0006D9C6 /* Album.swift */; };
		B93E886825D691500006D9C6 /* HomeViewModel.swift in Sources */ = {isa = PBXBuildFile; fileRef = B93E886725D691500006D9C6 /* HomeViewModel.swift */; };
		B93E886D25D6B8FC0006D9C6 /* AlbumTableViewCell.swift in Sources */ = {isa = PBXBuildFile; fileRef = B93E886B25D6B8FC0006D9C6 /* AlbumTableViewCell.swift */; };
		B93E886E25D6B8FC0006D9C6 /* AlbumTableViewCell.xib in Resources */ = {isa = PBXBuildFile; fileRef = B93E886C25D6B8FC0006D9C6 /* AlbumTableViewCell.xib */; };
		B93E887225D6B9140006D9C6 /* Reusable.swift in Sources */ = {isa = PBXBuildFile; fileRef = B93E887125D6B9140006D9C6 /* Reusable.swift */; };
		B93E887925D6DC9F0006D9C6 /* HomeCoordinator.swift in Sources */ = {isa = PBXBuildFile; fileRef = B93E887825D6DC9E0006D9C6 /* HomeCoordinator.swift */; };
		B93E887C25D6DCAD0006D9C6 /* Coordinator.swift in Sources */ = {isa = PBXBuildFile; fileRef = B93E887B25D6DCAD0006D9C6 /* Coordinator.swift */; };
		B93E887F25D6DCED0006D9C6 /* AppCoordinator.swift in Sources */ = {isa = PBXBuildFile; fileRef = B93E887E25D6DCED0006D9C6 /* AppCoordinator.swift */; };
		B93E888625D6E1A50006D9C6 /* DetailViewController.swift in Sources */ = {isa = PBXBuildFile; fileRef = B93E888425D6E1A50006D9C6 /* DetailViewController.swift */; };
		B93E888725D6E1A50006D9C6 /* DetailViewController.xib in Resources */ = {isa = PBXBuildFile; fileRef = B93E888525D6E1A50006D9C6 /* DetailViewController.xib */; };
		B93E888A25D6E1BF0006D9C6 /* DetailCoordinator.swift in Sources */ = {isa = PBXBuildFile; fileRef = B93E888925D6E1BF0006D9C6 /* DetailCoordinator.swift */; };
		B93E888D25D6E1E80006D9C6 /* DetailViewModel.swift in Sources */ = {isa = PBXBuildFile; fileRef = B93E888C25D6E1E80006D9C6 /* DetailViewModel.swift */; };
		B971B5962EE5EEE84A0DE4EA /* Pods_MusicStore.framework in Frameworks */ = {isa = PBXBuildFile; fileRef = 0AE619B589F08293197AF47B /* Pods_MusicStore.framework */; };
		B9EB006D25D6729C00320B83 /* AppDelegate.swift in Sources */ = {isa = PBXBuildFile; fileRef = B9EB006C25D6729C00320B83 /* AppDelegate.swift */; };
		B9EB006F25D6729C00320B83 /* SceneDelegate.swift in Sources */ = {isa = PBXBuildFile; fileRef = B9EB006E25D6729C00320B83 /* SceneDelegate.swift */; };
		B9EB007625D672A000320B83 /* Assets.xcassets in Resources */ = {isa = PBXBuildFile; fileRef = B9EB007525D672A000320B83 /* Assets.xcassets */; };
		B9EB007925D672A000320B83 /* LaunchScreen.storyboard in Resources */ = {isa = PBXBuildFile; fileRef = B9EB007725D672A000320B83 /* LaunchScreen.storyboard */; };
		B9EB009525D67CB400320B83 /* HomeViewController.swift in Sources */ = {isa = PBXBuildFile; fileRef = B9EB009325D67CB400320B83 /* HomeViewController.swift */; };
		B9EB009B25D6804F00320B83 /* UIView+Pin.swift in Sources */ = {isa = PBXBuildFile; fileRef = B9EB009A25D6804F00320B83 /* UIView+Pin.swift */; };
		B9EB00A025D683C000320B83 /* NetworkManager.swift in Sources */ = {isa = PBXBuildFile; fileRef = B9EB009F25D683C000320B83 /* NetworkManager.swift */; };
/* End PBXBuildFile section */

/* Begin PBXFileReference section */
		0AE619B589F08293197AF47B /* Pods_MusicStore.framework */ = {isa = PBXFileReference; explicitFileType = wrapper.framework; includeInIndex = 0; path = Pods_MusicStore.framework; sourceTree = BUILT_PRODUCTS_DIR; };
		3AAD4E8AF9F1520AF9EFA9E1 /* Pods-MusicStore.debug.xcconfig */ = {isa = PBXFileReference; includeInIndex = 1; lastKnownFileType = text.xcconfig; name = "Pods-MusicStore.debug.xcconfig"; path = "Target Support Files/Pods-MusicStore/Pods-MusicStore.debug.xcconfig"; sourceTree = "<group>"; };
		472150CCF3B2A0EFD056FF22 /* Pods-MusicStore.release.xcconfig */ = {isa = PBXFileReference; includeInIndex = 1; lastKnownFileType = text.xcconfig; name = "Pods-MusicStore.release.xcconfig"; path = "Target Support Files/Pods-MusicStore/Pods-MusicStore.release.xcconfig"; sourceTree = "<group>"; };
		B93E886325D68AEE0006D9C6 /* Album.swift */ = {isa = PBXFileReference; lastKnownFileType = sourcecode.swift; path = Album.swift; sourceTree = "<group>"; };
		B93E886725D691500006D9C6 /* HomeViewModel.swift */ = {isa = PBXFileReference; lastKnownFileType = sourcecode.swift; path = HomeViewModel.swift; sourceTree = "<group>"; };
		B93E886B25D6B8FC0006D9C6 /* AlbumTableViewCell.swift */ = {isa = PBXFileReference; lastKnownFileType = sourcecode.swift; path = AlbumTableViewCell.swift; sourceTree = "<group>"; };
		B93E886C25D6B8FC0006D9C6 /* AlbumTableViewCell.xib */ = {isa = PBXFileReference; lastKnownFileType = file.xib; path = AlbumTableViewCell.xib; sourceTree = "<group>"; };
		B93E887125D6B9140006D9C6 /* Reusable.swift */ = {isa = PBXFileReference; lastKnownFileType = sourcecode.swift; path = Reusable.swift; sourceTree = "<group>"; };
		B93E887825D6DC9E0006D9C6 /* HomeCoordinator.swift */ = {isa = PBXFileReference; lastKnownFileType = sourcecode.swift; path = HomeCoordinator.swift; sourceTree = "<group>"; };
		B93E887B25D6DCAD0006D9C6 /* Coordinator.swift */ = {isa = PBXFileReference; lastKnownFileType = sourcecode.swift; path = Coordinator.swift; sourceTree = "<group>"; };
		B93E887E25D6DCED0006D9C6 /* AppCoordinator.swift */ = {isa = PBXFileReference; lastKnownFileType = sourcecode.swift; path = AppCoordinator.swift; sourceTree = "<group>"; };
		B93E888425D6E1A50006D9C6 /* DetailViewController.swift */ = {isa = PBXFileReference; lastKnownFileType = sourcecode.swift; path = DetailViewController.swift; sourceTree = "<group>"; };
		B93E888525D6E1A50006D9C6 /* DetailViewController.xib */ = {isa = PBXFileReference; lastKnownFileType = file.xib; path = DetailViewController.xib; sourceTree = "<group>"; };
		B93E888925D6E1BF0006D9C6 /* DetailCoordinator.swift */ = {isa = PBXFileReference; lastKnownFileType = sourcecode.swift; path = DetailCoordinator.swift; sourceTree = "<group>"; };
		B93E888C25D6E1E80006D9C6 /* DetailViewModel.swift */ = {isa = PBXFileReference; lastKnownFileType = sourcecode.swift; path = DetailViewModel.swift; sourceTree = "<group>"; };
		B9EB006925D6729C00320B83 /* MusicStore.app */ = {isa = PBXFileReference; explicitFileType = wrapper.application; includeInIndex = 0; path = MusicStore.app; sourceTree = BUILT_PRODUCTS_DIR; };
		B9EB006C25D6729C00320B83 /* AppDelegate.swift */ = {isa = PBXFileReference; lastKnownFileType = sourcecode.swift; path = AppDelegate.swift; sourceTree = "<group>"; };
		B9EB006E25D6729C00320B83 /* SceneDelegate.swift */ = {isa = PBXFileReference; lastKnownFileType = sourcecode.swift; path = SceneDelegate.swift; sourceTree = "<group>"; };
		B9EB007525D672A000320B83 /* Assets.xcassets */ = {isa = PBXFileReference; lastKnownFileType = folder.assetcatalog; path = Assets.xcassets; sourceTree = "<group>"; };
		B9EB007825D672A000320B83 /* Base */ = {isa = PBXFileReference; lastKnownFileType = file.storyboard; name = Base; path = Base.lproj/LaunchScreen.storyboard; sourceTree = "<group>"; };
		B9EB007A25D672A000320B83 /* Info.plist */ = {isa = PBXFileReference; lastKnownFileType = text.plist.xml; path = Info.plist; sourceTree = "<group>"; };
		B9EB009325D67CB400320B83 /* HomeViewController.swift */ = {isa = PBXFileReference; lastKnownFileType = sourcecode.swift; path = HomeViewController.swift; sourceTree = "<group>"; };
		B9EB009A25D6804F00320B83 /* UIView+Pin.swift */ = {isa = PBXFileReference; lastKnownFileType = sourcecode.swift; path = "UIView+Pin.swift"; sourceTree = "<group>"; };
		B9EB009F25D683C000320B83 /* NetworkManager.swift */ = {isa = PBXFileReference; lastKnownFileType = sourcecode.swift; path = NetworkManager.swift; sourceTree = "<group>"; };
/* End PBXFileReference section */

/* Begin PBXFrameworksBuildPhase section */
		B9EB006625D6729C00320B83 /* Frameworks */ = {
			isa = PBXFrameworksBuildPhase;
			buildActionMask = 2147483647;
			files = (
				B971B5962EE5EEE84A0DE4EA /* Pods_MusicStore.framework in Frameworks */,
			);
			runOnlyForDeploymentPostprocessing = 0;
		};
/* End PBXFrameworksBuildPhase section */

/* Begin PBXGroup section */
		62BC76307B08E1FB9EA0DB74 /* Pods */ = {
			isa = PBXGroup;
			children = (
				3AAD4E8AF9F1520AF9EFA9E1 /* Pods-MusicStore.debug.xcconfig */,
				472150CCF3B2A0EFD056FF22 /* Pods-MusicStore.release.xcconfig */,
			);
			path = Pods;
			sourceTree = "<group>";
		};
		81AD12330C1F4D5D25B9B104 /* Frameworks */ = {
			isa = PBXGroup;
			children = (
				0AE619B589F08293197AF47B /* Pods_MusicStore.framework */,
			);
			name = Frameworks;
			sourceTree = "<group>";
		};
		B93E886225D689FE0006D9C6 /* Models */ = {
			isa = PBXGroup;
			children = (
				B93E886325D68AEE0006D9C6 /* Album.swift */,
			);
			path = Models;
			sourceTree = "<group>";
		};
		B93E886A25D6B8E40006D9C6 /* Cell */ = {
			isa = PBXGroup;
			children = (
				B93E886B25D6B8FC0006D9C6 /* AlbumTableViewCell.swift */,
				B93E886C25D6B8FC0006D9C6 /* AlbumTableViewCell.xib */,
			);
			path = Cell;
			sourceTree = "<group>";
		};
		B93E888125D6DF040006D9C6 /* Detail */ = {
			isa = PBXGroup;
			children = (
				B93E888425D6E1A50006D9C6 /* DetailViewController.swift */,
				B93E888525D6E1A50006D9C6 /* DetailViewController.xib */,
				B93E888925D6E1BF0006D9C6 /* DetailCoordinator.swift */,
				B93E888C25D6E1E80006D9C6 /* DetailViewModel.swift */,
			);
			path = Detail;
			sourceTree = "<group>";
		};
		B9EB006025D6729C00320B83 = {
			isa = PBXGroup;
			children = (
				B9EB006B25D6729C00320B83 /* MusicStore */,
				B9EB006A25D6729C00320B83 /* Products */,
				62BC76307B08E1FB9EA0DB74 /* Pods */,
				81AD12330C1F4D5D25B9B104 /* Frameworks */,
			);
			sourceTree = "<group>";
		};
		B9EB006A25D6729C00320B83 /* Products */ = {
			isa = PBXGroup;
			children = (
				B9EB006925D6729C00320B83 /* MusicStore.app */,
			);
			name = Products;
			sourceTree = "<group>";
		};
		B9EB006B25D6729C00320B83 /* MusicStore */ = {
			isa = PBXGroup;
			children = (
				B9EB008125D672FC00320B83 /* Application */,
				B9EB009925D6802600320B83 /* Extensions */,
				B93E886225D689FE0006D9C6 /* Models */,
				B9EB009825D6800800320B83 /* Protocols */,
				B9EB008225D6730500320B83 /* Resources */,
				B9EB008325D6730F00320B83 /* Scene */,
				B9EB008425D6732000320B83 /* Storyboard */,
				B9EB009E25D6838F00320B83 /* Utility */,
			);
			path = MusicStore;
			sourceTree = "<group>";
		};
		B9EB008125D672FC00320B83 /* Application */ = {
			isa = PBXGroup;
			children = (
				B9EB007A25D672A000320B83 /* Info.plist */,
				B9EB006E25D6729C00320B83 /* SceneDelegate.swift */,
				B9EB006C25D6729C00320B83 /* AppDelegate.swift */,
				B93E887E25D6DCED0006D9C6 /* AppCoordinator.swift */,
			);
			path = Application;
			sourceTree = "<group>";
		};
		B9EB008225D6730500320B83 /* Resources */ = {
			isa = PBXGroup;
			children = (
				B9EB007525D672A000320B83 /* Assets.xcassets */,
			);
			path = Resources;
			sourceTree = "<group>";
		};
		B9EB008325D6730F00320B83 /* Scene */ = {
			isa = PBXGroup;
			children = (
				B93E888125D6DF040006D9C6 /* Detail */,
				B9EB008825D6738F00320B83 /* Home */,
			);
			path = Scene;
			sourceTree = "<group>";
		};
		B9EB008425D6732000320B83 /* Storyboard */ = {
			isa = PBXGroup;
			children = (
				B9EB007725D672A000320B83 /* LaunchScreen.storyboard */,
			);
			path = Storyboard;
			sourceTree = "<group>";
		};
		B9EB008825D6738F00320B83 /* Home */ = {
			isa = PBXGroup;
			children = (
				B9EB009325D67CB400320B83 /* HomeViewController.swift */,
				B93E886725D691500006D9C6 /* HomeViewModel.swift */,
				B93E887825D6DC9E0006D9C6 /* HomeCoordinator.swift */,
				B93E886A25D6B8E40006D9C6 /* Cell */,
			);
			path = Home;
			sourceTree = "<group>";
		};
		B9EB009825D6800800320B83 /* Protocols */ = {
			isa = PBXGroup;
			children = (
				B93E887125D6B9140006D9C6 /* Reusable.swift */,
				B93E887B25D6DCAD0006D9C6 /* Coordinator.swift */,
			);
			path = Protocols;
			sourceTree = "<group>";
		};
		B9EB009925D6802600320B83 /* Extensions */ = {
			isa = PBXGroup;
			children = (
				B9EB009A25D6804F00320B83 /* UIView+Pin.swift */,
			);
			path = Extensions;
			sourceTree = "<group>";
		};
		B9EB009E25D6838F00320B83 /* Utility */ = {
			isa = PBXGroup;
			children = (
				B9EB009F25D683C000320B83 /* NetworkManager.swift */,
			);
			path = Utility;
			sourceTree = "<group>";
		};
/* End PBXGroup section */

/* Begin PBXNativeTarget section */
		B9EB006825D6729C00320B83 /* MusicStore */ = {
			isa = PBXNativeTarget;
			buildConfigurationList = B9EB007D25D672A000320B83 /* Build configuration list for PBXNativeTarget "MusicStore" */;
			buildPhases = (
				E2F2B586E0326730D3B24B79 /* [CP] Check Pods Manifest.lock */,
				B9EB00A625D6848D00320B83 /* SwiftLint */,
				B9EB006525D6729C00320B83 /* Sources */,
				B9EB006625D6729C00320B83 /* Frameworks */,
				B9EB006725D6729C00320B83 /* Resources */,
				0195F5245B40F476A4C9E462 /* [CP] Embed Pods Frameworks */,
			);
			buildRules = (
			);
			dependencies = (
			);
			name = MusicStore;
			productName = MusicStore;
			productReference = B9EB006925D6729C00320B83 /* MusicStore.app */;
			productType = "com.apple.product-type.application";
		};
/* End PBXNativeTarget section */

/* Begin PBXProject section */
		B9EB006125D6729C00320B83 /* Project object */ = {
			isa = PBXProject;
			attributes = {
				LastSwiftUpdateCheck = 1210;
				LastUpgradeCheck = 1210;
				TargetAttributes = {
					B9EB006825D6729C00320B83 = {
						CreatedOnToolsVersion = 12.1;
					};
				};
			};
			buildConfigurationList = B9EB006425D6729C00320B83 /* Build configuration list for PBXProject "MusicStore" */;
			compatibilityVersion = "Xcode 9.3";
			developmentRegion = en;
			hasScannedForEncodings = 0;
			knownRegions = (
				en,
				Base,
			);
			mainGroup = B9EB006025D6729C00320B83;
			productRefGroup = B9EB006A25D6729C00320B83 /* Products */;
			projectDirPath = "";
			projectRoot = "";
			targets = (
				B9EB006825D6729C00320B83 /* MusicStore */,
			);
		};
/* End PBXProject section */

/* Begin PBXResourcesBuildPhase section */
		B9EB006725D6729C00320B83 /* Resources */ = {
			isa = PBXResourcesBuildPhase;
			buildActionMask = 2147483647;
			files = (
				B9EB007925D672A000320B83 /* LaunchScreen.storyboard in Resources */,
				B9EB007625D672A000320B83 /* Assets.xcassets in Resources */,
				B93E886E25D6B8FC0006D9C6 /* AlbumTableViewCell.xib in Resources */,
				B93E888725D6E1A50006D9C6 /* DetailViewController.xib in Resources */,
			);
			runOnlyForDeploymentPostprocessing = 0;
		};
/* End PBXResourcesBuildPhase section */

/* Begin PBXShellScriptBuildPhase section */
		0195F5245B40F476A4C9E462 /* [CP] Embed Pods Frameworks */ = {
			isa = PBXShellScriptBuildPhase;
			buildActionMask = 2147483647;
			files = (
			);
			inputFileListPaths = (
				"${PODS_ROOT}/Target Support Files/Pods-MusicStore/Pods-MusicStore-frameworks-${CONFIGURATION}-input-files.xcfilelist",
			);
			name = "[CP] Embed Pods Frameworks";
			outputFileListPaths = (
				"${PODS_ROOT}/Target Support Files/Pods-MusicStore/Pods-MusicStore-frameworks-${CONFIGURATION}-output-files.xcfilelist",
			);
			runOnlyForDeploymentPostprocessing = 0;
			shellPath = /bin/sh;
			shellScript = "\"${PODS_ROOT}/Target Support Files/Pods-MusicStore/Pods-MusicStore-frameworks.sh\"\n";
			showEnvVarsInLog = 0;
		};
		B9EB00A625D6848D00320B83 /* SwiftLint */ = {
			isa = PBXShellScriptBuildPhase;
			buildActionMask = 2147483647;
			files = (
			);
			inputFileListPaths = (
			);
			inputPaths = (
			);
			name = SwiftLint;
			outputFileListPaths = (
			);
			outputPaths = (
			);
			runOnlyForDeploymentPostprocessing = 0;
			shellPath = /bin/sh;
			shellScript = "if which swiftlint >/dev/null; then\n  swiftlint\nelse\n  echo \"warning: SwiftLint not installed, download from https://github.com/realm/SwiftLint\"\nfi\n# Type a script or drag a script file from your workspace to insert its path.\n\n";
		};
		E2F2B586E0326730D3B24B79 /* [CP] Check Pods Manifest.lock */ = {
			isa = PBXShellScriptBuildPhase;
			buildActionMask = 2147483647;
			files = (
			);
			inputFileListPaths = (
			);
			inputPaths = (
				"${PODS_PODFILE_DIR_PATH}/Podfile.lock",
				"${PODS_ROOT}/Manifest.lock",
			);
			name = "[CP] Check Pods Manifest.lock";
			outputFileListPaths = (
			);
			outputPaths = (
				"$(DERIVED_FILE_DIR)/Pods-MusicStore-checkManifestLockResult.txt",
			);
			runOnlyForDeploymentPostprocessing = 0;
			shellPath = /bin/sh;
			shellScript = "diff \"${PODS_PODFILE_DIR_PATH}/Podfile.lock\" \"${PODS_ROOT}/Manifest.lock\" > /dev/null\nif [ $? != 0 ] ; then\n    # print error to STDERR\n    echo \"error: The sandbox is not in sync with the Podfile.lock. Run 'pod install' or update your CocoaPods installation.\" >&2\n    exit 1\nfi\n# This output is used by Xcode 'outputs' to avoid re-running this script phase.\necho \"SUCCESS\" > \"${SCRIPT_OUTPUT_FILE_0}\"\n";
			showEnvVarsInLog = 0;
		};
/* End PBXShellScriptBuildPhase section */

/* Begin PBXSourcesBuildPhase section */
		B9EB006525D6729C00320B83 /* Sources */ = {
			isa = PBXSourcesBuildPhase;
			buildActionMask = 2147483647;
			files = (
				B93E888625D6E1A50006D9C6 /* DetailViewController.swift in Sources */,
				B93E887F25D6DCED0006D9C6 /* AppCoordinator.swift in Sources */,
				B93E886425D68AEE0006D9C6 /* Album.swift in Sources */,
				B93E888D25D6E1E80006D9C6 /* DetailViewModel.swift in Sources */,
				B9EB006D25D6729C00320B83 /* AppDelegate.swift in Sources */,
				B93E886825D691500006D9C6 /* HomeViewModel.swift in Sources */,
				B93E887225D6B9140006D9C6 /* Reusable.swift in Sources */,
				B9EB009B25D6804F00320B83 /* UIView+Pin.swift in Sources */,
				B93E888A25D6E1BF0006D9C6 /* DetailCoordinator.swift in Sources */,
				B9EB00A025D683C000320B83 /* NetworkManager.swift in Sources */,
				B93E887C25D6DCAD0006D9C6 /* Coordinator.swift in Sources */,
				B9EB006F25D6729C00320B83 /* SceneDelegate.swift in Sources */,
				B93E887925D6DC9F0006D9C6 /* HomeCoordinator.swift in Sources */,
				B9EB009525D67CB400320B83 /* HomeViewController.swift in Sources */,
				B93E886D25D6B8FC0006D9C6 /* AlbumTableViewCell.swift in Sources */,
			);
			runOnlyForDeploymentPostprocessing = 0;
		};
/* End PBXSourcesBuildPhase section */

/* Begin PBXVariantGroup section */
		B9EB007725D672A000320B83 /* LaunchScreen.storyboard */ = {
			isa = PBXVariantGroup;
			children = (
				B9EB007825D672A000320B83 /* Base */,
			);
			name = LaunchScreen.storyboard;
			sourceTree = "<group>";
		};
/* End PBXVariantGroup section */

/* Begin XCBuildConfiguration section */
		B9EB007B25D672A000320B83 /* Debug */ = {
			isa = XCBuildConfiguration;
			buildSettings = {
				ALWAYS_SEARCH_USER_PATHS = NO;
				CLANG_ANALYZER_NONNULL = YES;
				CLANG_ANALYZER_NUMBER_OBJECT_CONVERSION = YES_AGGRESSIVE;
				CLANG_CXX_LANGUAGE_STANDARD = "gnu++14";
				CLANG_CXX_LIBRARY = "libc++";
				CLANG_ENABLE_MODULES = YES;
				CLANG_ENABLE_OBJC_ARC = YES;
				CLANG_ENABLE_OBJC_WEAK = YES;
				CLANG_WARN_BLOCK_CAPTURE_AUTORELEASING = YES;
				CLANG_WARN_BOOL_CONVERSION = YES;
				CLANG_WARN_COMMA = YES;
				CLANG_WARN_CONSTANT_CONVERSION = YES;
				CLANG_WARN_DEPRECATED_OBJC_IMPLEMENTATIONS = YES;
				CLANG_WARN_DIRECT_OBJC_ISA_USAGE = YES_ERROR;
				CLANG_WARN_DOCUMENTATION_COMMENTS = YES;
				CLANG_WARN_EMPTY_BODY = YES;
				CLANG_WARN_ENUM_CONVERSION = YES;
				CLANG_WARN_INFINITE_RECURSION = YES;
				CLANG_WARN_INT_CONVERSION = YES;
				CLANG_WARN_NON_LITERAL_NULL_CONVERSION = YES;
				CLANG_WARN_OBJC_IMPLICIT_RETAIN_SELF = YES;
				CLANG_WARN_OBJC_LITERAL_CONVERSION = YES;
				CLANG_WARN_OBJC_ROOT_CLASS = YES_ERROR;
				CLANG_WARN_QUOTED_INCLUDE_IN_FRAMEWORK_HEADER = YES;
				CLANG_WARN_RANGE_LOOP_ANALYSIS = YES;
				CLANG_WARN_STRICT_PROTOTYPES = YES;
				CLANG_WARN_SUSPICIOUS_MOVE = YES;
				CLANG_WARN_UNGUARDED_AVAILABILITY = YES_AGGRESSIVE;
				CLANG_WARN_UNREACHABLE_CODE = YES;
				CLANG_WARN__DUPLICATE_METHOD_MATCH = YES;
				COPY_PHASE_STRIP = NO;
				DEBUG_INFORMATION_FORMAT = dwarf;
				ENABLE_STRICT_OBJC_MSGSEND = YES;
				ENABLE_TESTABILITY = YES;
				GCC_C_LANGUAGE_STANDARD = gnu11;
				GCC_DYNAMIC_NO_PIC = NO;
				GCC_NO_COMMON_BLOCKS = YES;
				GCC_OPTIMIZATION_LEVEL = 0;
				GCC_PREPROCESSOR_DEFINITIONS = (
					"DEBUG=1",
					"$(inherited)",
				);
				GCC_WARN_64_TO_32_BIT_CONVERSION = YES;
				GCC_WARN_ABOUT_RETURN_TYPE = YES_ERROR;
				GCC_WARN_UNDECLARED_SELECTOR = YES;
				GCC_WARN_UNINITIALIZED_AUTOS = YES_AGGRESSIVE;
				GCC_WARN_UNUSED_FUNCTION = YES;
				GCC_WARN_UNUSED_VARIABLE = YES;
				IPHONEOS_DEPLOYMENT_TARGET = 14.1;
				MTL_ENABLE_DEBUG_INFO = INCLUDE_SOURCE;
				MTL_FAST_MATH = YES;
				ONLY_ACTIVE_ARCH = YES;
				SDKROOT = iphoneos;
				SWIFT_ACTIVE_COMPILATION_CONDITIONS = DEBUG;
				SWIFT_OPTIMIZATION_LEVEL = "-Onone";
			};
			name = Debug;
		};
		B9EB007C25D672A000320B83 /* Release */ = {
			isa = XCBuildConfiguration;
			buildSettings = {
				ALWAYS_SEARCH_USER_PATHS = NO;
				CLANG_ANALYZER_NONNULL = YES;
				CLANG_ANALYZER_NUMBER_OBJECT_CONVERSION = YES_AGGRESSIVE;
				CLANG_CXX_LANGUAGE_STANDARD = "gnu++14";
				CLANG_CXX_LIBRARY = "libc++";
				CLANG_ENABLE_MODULES = YES;
				CLANG_ENABLE_OBJC_ARC = YES;
				CLANG_ENABLE_OBJC_WEAK = YES;
				CLANG_WARN_BLOCK_CAPTURE_AUTORELEASING = YES;
				CLANG_WARN_BOOL_CONVERSION = YES;
				CLANG_WARN_COMMA = YES;
				CLANG_WARN_CONSTANT_CONVERSION = YES;
				CLANG_WARN_DEPRECATED_OBJC_IMPLEMENTATIONS = YES;
				CLANG_WARN_DIRECT_OBJC_ISA_USAGE = YES_ERROR;
				CLANG_WARN_DOCUMENTATION_COMMENTS = YES;
				CLANG_WARN_EMPTY_BODY = YES;
				CLANG_WARN_ENUM_CONVERSION = YES;
				CLANG_WARN_INFINITE_RECURSION = YES;
				CLANG_WARN_INT_CONVERSION = YES;
				CLANG_WARN_NON_LITERAL_NULL_CONVERSION = YES;
				CLANG_WARN_OBJC_IMPLICIT_RETAIN_SELF = YES;
				CLANG_WARN_OBJC_LITERAL_CONVERSION = YES;
				CLANG_WARN_OBJC_ROOT_CLASS = YES_ERROR;
				CLANG_WARN_QUOTED_INCLUDE_IN_FRAMEWORK_HEADER = YES;
				CLANG_WARN_RANGE_LOOP_ANALYSIS = YES;
				CLANG_WARN_STRICT_PROTOTYPES = YES;
				CLANG_WARN_SUSPICIOUS_MOVE = YES;
				CLANG_WARN_UNGUARDED_AVAILABILITY = YES_AGGRESSIVE;
				CLANG_WARN_UNREACHABLE_CODE = YES;
				CLANG_WARN__DUPLICATE_METHOD_MATCH = YES;
				COPY_PHASE_STRIP = NO;
				DEBUG_INFORMATION_FORMAT = "dwarf-with-dsym";
				ENABLE_NS_ASSERTIONS = NO;
				ENABLE_STRICT_OBJC_MSGSEND = YES;
				GCC_C_LANGUAGE_STANDARD = gnu11;
				GCC_NO_COMMON_BLOCKS = YES;
				GCC_WARN_64_TO_32_BIT_CONVERSION = YES;
				GCC_WARN_ABOUT_RETURN_TYPE = YES_ERROR;
				GCC_WARN_UNDECLARED_SELECTOR = YES;
				GCC_WARN_UNINITIALIZED_AUTOS = YES_AGGRESSIVE;
				GCC_WARN_UNUSED_FUNCTION = YES;
				GCC_WARN_UNUSED_VARIABLE = YES;
				IPHONEOS_DEPLOYMENT_TARGET = 14.1;
				MTL_ENABLE_DEBUG_INFO = NO;
				MTL_FAST_MATH = YES;
				SDKROOT = iphoneos;
				SWIFT_COMPILATION_MODE = wholemodule;
				SWIFT_OPTIMIZATION_LEVEL = "-O";
				VALIDATE_PRODUCT = YES;
			};
			name = Release;
		};
		B9EB007E25D672A000320B83 /* Debug */ = {
			isa = XCBuildConfiguration;
			baseConfigurationReference = 3AAD4E8AF9F1520AF9EFA9E1 /* Pods-MusicStore.debug.xcconfig */;
			buildSettings = {
				ASSETCATALOG_COMPILER_APPICON_NAME = AppIcon;
				ASSETCATALOG_COMPILER_GLOBAL_ACCENT_COLOR_NAME = AccentColor;
				CODE_SIGN_STYLE = Automatic;
				INFOPLIST_FILE = MusicStore/Application/Info.plist;
				LD_RUNPATH_SEARCH_PATHS = (
					"$(inherited)",
					"@executable_path/Frameworks",
				);
				PRODUCT_BUNDLE_IDENTIFIER = it.barberi.srl.MusicStore;
				PRODUCT_NAME = "$(TARGET_NAME)";
				SWIFT_VERSION = 5.0;
				TARGETED_DEVICE_FAMILY = "1,2";
			};
			name = Debug;
		};
		B9EB007F25D672A000320B83 /* Release */ = {
			isa = XCBuildConfiguration;
			baseConfigurationReference = 472150CCF3B2A0EFD056FF22 /* Pods-MusicStore.release.xcconfig */;
			buildSettings = {
				ASSETCATALOG_COMPILER_APPICON_NAME = AppIcon;
				ASSETCATALOG_COMPILER_GLOBAL_ACCENT_COLOR_NAME = AccentColor;
				CODE_SIGN_STYLE = Automatic;
				INFOPLIST_FILE = MusicStore/Application/Info.plist;
				LD_RUNPATH_SEARCH_PATHS = (
					"$(inherited)",
					"@executable_path/Frameworks",
				);
				PRODUCT_BUNDLE_IDENTIFIER = it.barberi.srl.MusicStore;
				PRODUCT_NAME = "$(TARGET_NAME)";
				SWIFT_VERSION = 5.0;
				TARGETED_DEVICE_FAMILY = "1,2";
			};
			name = Release;
		};
/* End XCBuildConfiguration section */

/* Begin XCConfigurationList section */
		B9EB006425D6729C00320B83 /* Build configuration list for PBXProject "MusicStore" */ = {
			isa = XCConfigurationList;
			buildConfigurations = (
				B9EB007B25D672A000320B83 /* Debug */,
				B9EB007C25D672A000320B83 /* Release */,
			);
			defaultConfigurationIsVisible = 0;
			defaultConfigurationName = Release;
		};
		B9EB007D25D672A000320B83 /* Build configuration list for PBXNativeTarget "MusicStore" */ = {
			isa = XCConfigurationList;
			buildConfigurations = (
				B9EB007E25D672A000320B83 /* Debug */,
				B9EB007F25D672A000320B83 /* Release */,
			);
			defaultConfigurationIsVisible = 0;
			defaultConfigurationName = Release;
		};
/* End XCConfigurationList section */
	};
	rootObject = B9EB006125D6729C00320B83 /* Project object */;
}
